
Microsoft Visual Studio Solution File, Format Version 12.00
# Visual Studio Version 17
VisualStudioVersion = 17.7.34018.315
MinimumVisualStudioVersion = 10.0.40219.1
Project("{8BC9CEB8-8B4A-11D0-8D11-00A0C91BC942}") = "nxemu", "src\nxemu\nxemu.vcxproj", "{C8659F5A-3AFA-4BF0-9409-3B9819E17714}"
	ProjectSection(ProjectDependencies) = postProject
		{148184C3-456B-409C-8112-2FC35DE07D92} = {148184C3-456B-409C-8112-2FC35DE07D92}
		{686302AD-7653-43FF-A120-44E8D45B7371} = {686302AD-7653-43FF-A120-44E8D45B7371}
		{CFE792F6-D4A5-4805-B0E6-2FA4CDD4DAE7} = {CFE792F6-D4A5-4805-B0E6-2FA4CDD4DAE7}
		{F119CF47-F0E6-4152-A9BD-07B20BD0B540} = {F119CF47-F0E6-4152-A9BD-07B20BD0B540}
	EndProjectSection
EndProject
Project("{2150E333-8FDC-42A3-9474-1A3956D46DE8}") = "3rd Party", "3rd Party", "{F9F8A94D-341A-46BD-A4DA-13CC33489942}"
EndProject
Project("{8BC9CEB8-8B4A-11D0-8D11-00A0C91BC942}") = "wtl", "src\3rd_party\wtl\wtl.vcxproj", "{1F4A3DC8-4CCA-485E-B120-FEB2B5A15023}"
EndProject
Project("{8BC9CEB8-8B4A-11D0-8D11-00A0C91BC942}") = "nxemu-core", "src\nxemu-core\nxemu-core.vcxproj", "{CF365EDD-C903-47B1-AAAE-A483D3C0D274}"
	ProjectSection(ProjectDependencies) = postProject
		{D442FBFE-1018-4056-A0AE-CBCB6BF9DD90} = {D442FBFE-1018-4056-A0AE-CBCB6BF9DD90}
	EndProjectSection
EndProject
Project("{8BC9CEB8-8B4A-11D0-8D11-00A0C91BC942}") = "update_version", "src\update_version\update_version.vcxproj", "{D442FBFE-1018-4056-A0AE-CBCB6BF9DD90}"
EndProject
Project("{8BC9CEB8-8B4A-11D0-8D11-00A0C91BC942}") = "common", "src\common\common.vcxproj", "{EC81BE93-8316-4DB6-8A26-B13FB5B13848}"
EndProject
Project("{8BC9CEB8-8B4A-11D0-8D11-00A0C91BC942}") = "nxemu-os", "src\nxemu-os\nxemu-os.vcxproj", "{148184C3-456B-409C-8112-2FC35DE07D92}"
	ProjectSection(ProjectDependencies) = postProject
		{D442FBFE-1018-4056-A0AE-CBCB6BF9DD90} = {D442FBFE-1018-4056-A0AE-CBCB6BF9DD90}
	EndProjectSection
EndProject
Project("{8BC9CEB8-8B4A-11D0-8D11-00A0C91BC942}") = "nxemu-cpu", "src\nxemu-cpu\nxemu-cpu.vcxproj", "{686302AD-7653-43FF-A120-44E8D45B7371}"
	ProjectSection(ProjectDependencies) = postProject
		{D442FBFE-1018-4056-A0AE-CBCB6BF9DD90} = {D442FBFE-1018-4056-A0AE-CBCB6BF9DD90}
	EndProjectSection
EndProject
Project("{8BC9CEB8-8B4A-11D0-8D11-00A0C91BC942}") = "nxemu-video", "src\nxemu-video\nxemu-video.vcxproj", "{F119CF47-F0E6-4152-A9BD-07B20BD0B540}"
	ProjectSection(ProjectDependencies) = postProject
		{D442FBFE-1018-4056-A0AE-CBCB6BF9DD90} = {D442FBFE-1018-4056-A0AE-CBCB6BF9DD90}
	EndProjectSection
EndProject
Project("{2150E333-8FDC-42A3-9474-1A3956D46DE8}") = "External", "External", "{29EE6611-75A5-4A1D-A994-33A5EBB4F765}"
EndProject
Project("{8BC9CEB8-8B4A-11D0-8D11-00A0C91BC942}") = "mcl", "external\mcl.vcxproj", "{A059B52A-FB13-4060-AC89-128570938D5D}"
EndProject
Project("{8BC9CEB8-8B4A-11D0-8D11-00A0C91BC942}") = "fmt", "external\fmt.vcxproj", "{D58BDFC6-1F1E-4C55-9296-1C2411B0FDA7}"
EndProject
Project("{8BC9CEB8-8B4A-11D0-8D11-00A0C91BC942}") = "zydis", "external\zydis.vcxproj", "{9DEC236B-F924-4166-A1B1-002F3BF8F0EC}"
EndProject
Project("{8BC9CEB8-8B4A-11D0-8D11-00A0C91BC942}") = "sdl", "external\sdl.vcxproj", "{C44840A5-59BC-4CA0-85C2-B51F0BA6E3BD}"
EndProject
Project("{8BC9CEB8-8B4A-11D0-8D11-00A0C91BC942}") = "libusb", "external\libusb.vcxproj", "{82A8D930-2514-48FA-B811-E5C402F2AB4A}"
EndProject
Project("{8BC9CEB8-8B4A-11D0-8D11-00A0C91BC942}") = "tz", "src\3rd_party\tz\tz.vcxproj", "{677CA72D-E9B7-4AA5-ADBA-1C02AC84F8B0}"
EndProject
Project("{8BC9CEB8-8B4A-11D0-8D11-00A0C91BC942}") = "yuzu_common", "src\yuzu_common\yuzu_common.vcxproj", "{250224F2-2E89-410E-8BDB-875959DABA2C}"
EndProject
Project("{8BC9CEB8-8B4A-11D0-8D11-00A0C91BC942}") = "yuzu_hid_core", "src\yuzu_hid_core\yuzu_hid_core.vcxproj", "{58ED6CB7-4A88-455E-87DA-39E34CD7B1CF}"
EndProject
Project("{8BC9CEB8-8B4A-11D0-8D11-00A0C91BC942}") = "yuzu_input_common", "src\yuzu_input_common\yuzu_input_common.vcxproj", "{D45CCCC7-A1E9-47B5-B9FA-0B599DC8B962}"
EndProject
Project("{8BC9CEB8-8B4A-11D0-8D11-00A0C91BC942}") = "glad", "src\3rd_party\glad\glad.vcxproj", "{38B397D3-0155-4871-A65C-30F3F9F7DD7A}"
EndProject
Project("{8BC9CEB8-8B4A-11D0-8D11-00A0C91BC942}") = "sirit", "external\sirit.vcxproj", "{583146AF-EE19-454C-8646-B202C0EB82BA}"
EndProject
Project("{8BC9CEB8-8B4A-11D0-8D11-00A0C91BC942}") = "yuzu_shader_recompiler", "src\yuzu_shader_recompiler\yuzu_shader_recompiler.vcxproj", "{70E74561-B64C-4FF8-9EA5-472BD2D98A4C}"
	ProjectSection(ProjectDependencies) = postProject
		{5E491258-51F1-418E-89A6-79A0480E1F34} = {5E491258-51F1-418E-89A6-79A0480E1F34}
	EndProjectSection
EndProject
Project("{8BC9CEB8-8B4A-11D0-8D11-00A0C91BC942}") = "host_shaders", "src\host_shaders\host_shaders.vcxproj", "{BB3BA79F-451E-46D8-8CD8-5993AB932D04}"
	ProjectSection(ProjectDependencies) = postProject
		{5E491258-51F1-418E-89A6-79A0480E1F34} = {5E491258-51F1-418E-89A6-79A0480E1F34}
	EndProjectSection
EndProject
Project("{8BC9CEB8-8B4A-11D0-8D11-00A0C91BC942}") = "string_shader_header", "src\string_shader_header\string_shader_header.vcxproj", "{5E491258-51F1-418E-89A6-79A0480E1F34}"
EndProject
Project("{8BC9CEB8-8B4A-11D0-8D11-00A0C91BC942}") = "stb", "src\3rd_party\stb\stb.vcxproj", "{3A62C094-DBDF-414A-A65E-EBDB939A81E5}"
EndProject
Project("{8BC9CEB8-8B4A-11D0-8D11-00A0C91BC942}") = "bc_decoder", "src\3rd_party\bc_decoder\bc_decoder.vcxproj", "{5CC7FDA2-67EE-4C85-90F7-291AD93C82AF}"
EndProject
Project("{8BC9CEB8-8B4A-11D0-8D11-00A0C91BC942}") = "yuzu_video_core", "src\yuzu_video_core\yuzu_video_core.vcxproj", "{0F7CE378-7060-4B23-990B-8ED758654D81}"
	ProjectSection(ProjectDependencies) = postProject
		{70E74561-B64C-4FF8-9EA5-472BD2D98A4C} = {70E74561-B64C-4FF8-9EA5-472BD2D98A4C}
		{BB3BA79F-451E-46D8-8CD8-5993AB932D04} = {BB3BA79F-451E-46D8-8CD8-5993AB932D04}
	EndProjectSection
EndProject
Project("{8BC9CEB8-8B4A-11D0-8D11-00A0C91BC942}") = "sciterui", "external\sciterui\src\sciterui\sciterui.vcxproj", "{847B64EE-2C78-48F9-912B-D700F2A5CB91}"
EndProject
Project("{8BC9CEB8-8B4A-11D0-8D11-00A0C91BC942}") = "nx_tzdb", "src\nx_tzdb\nx_tzdb.vcxproj", "{93A649B4-9E40-44A4-80A5-5EAFA3AF6024}"
EndProject
Project("{8BC9CEB8-8B4A-11D0-8D11-00A0C91BC942}") = "nx_tzdb_create_header", "src\nx_tzdb_create_header\nx_tzdb_create_header.vcxproj", "{7B9E5439-60A1-4AA6-9001-BA1D0D65D500}"
EndProject
Project("{8BC9CEB8-8B4A-11D0-8D11-00A0C91BC942}") = "resource_packer", "external\sciterui\src\resource_packer\resource_packer.vcxproj", "{61B81F77-92C0-4C94-A893-7458FBE76C0B}"
EndProject
Project("{8BC9CEB8-8B4A-11D0-8D11-00A0C91BC942}") = "nxemu-loader", "src\nxemu-loader\nxemu-loader.vcxproj", "{CFE792F6-D4A5-4805-B0E6-2FA4CDD4DAE7}"
	ProjectSection(ProjectDependencies) = postProject
		{D442FBFE-1018-4056-A0AE-CBCB6BF9DD90} = {D442FBFE-1018-4056-A0AE-CBCB6BF9DD90}
	EndProjectSection
EndProject
Project("{8BC9CEB8-8B4A-11D0-8D11-00A0C91BC942}") = "enet", "external\enet.vcxproj", "{ACEE0671-79F0-43DA-AB02-D3D0A52CC22A}"
EndProject
Project("{8BC9CEB8-8B4A-11D0-8D11-00A0C91BC942}") = "zstd", "external\zstd.vcxproj", "{808D773C-086C-4E17-A195-B4AF30EEE86E}"
EndProject
Project("{8BC9CEB8-8B4A-11D0-8D11-00A0C91BC942}") = "network", "src\network\network.vcxproj", "{286FF3B0-952D-4193-94AB-C8C300BC85F0}"
EndProject
Project("{8BC9CEB8-8B4A-11D0-8D11-00A0C91BC942}") = "yuzu_audio_core", "src\yuzu_audio_core\yuzu_audio_core.vcxproj", "{8AEAC824-7FF6-3DCE-BD4F-2D1E1BBCFD0E}"
EndProject
Project("{8BC9CEB8-8B4A-11D0-8D11-00A0C91BC942}") = "cubeb", "external\cubeb.vcxproj", "{8D9EA734-C041-463B-9ABB-2EDC6F1CD04F}"
EndProject
Project("{8BC9CEB8-8B4A-11D0-8D11-00A0C91BC942}") = "speex", "external\speex.vcxproj", "{2B13A785-82EC-4C96-AE28-9BB738182CF5}"
EndProject
Project("{8BC9CEB8-8B4A-11D0-8D11-00A0C91BC942}") = "opus", "external\opus.vcxproj", "{B278162F-3EE6-4BCC-AF23-8E04A164A4E6}"
EndProject
Project("{8BC9CEB8-8B4A-11D0-8D11-00A0C91BC942}") = "lz4", "src\3rd_party\lz4\lz4.vcxproj", "{20F15EB4-E65B-4D48-AA18-C7DAD16279CC}"
EndProject
Global
	GlobalSection(SolutionConfigurationPlatforms) = preSolution
		Debug|x64 = Debug|x64
		Debug|x86 = Debug|x86
		Release|x64 = Release|x64
		Release|x86 = Release|x86
	EndGlobalSection
	GlobalSection(ProjectConfigurationPlatforms) = postSolution
		{C8659F5A-3AFA-4BF0-9409-3B9819E17714}.Debug|x64.ActiveCfg = Debug|x64
		{C8659F5A-3AFA-4BF0-9409-3B9819E17714}.Debug|x64.Build.0 = Debug|x64
		{C8659F5A-3AFA-4BF0-9409-3B9819E17714}.Debug|x86.ActiveCfg = Debug|x64
		{C8659F5A-3AFA-4BF0-9409-3B9819E17714}.Debug|x86.Build.0 = Debug|x64
		{C8659F5A-3AFA-4BF0-9409-3B9819E17714}.Release|x64.ActiveCfg = Release|x64
		{C8659F5A-3AFA-4BF0-9409-3B9819E17714}.Release|x64.Build.0 = Release|x64
		{C8659F5A-3AFA-4BF0-9409-3B9819E17714}.Release|x86.ActiveCfg = Release|x64
		{C8659F5A-3AFA-4BF0-9409-3B9819E17714}.Release|x86.Build.0 = Release|x64
		{1F4A3DC8-4CCA-485E-B120-FEB2B5A15023}.Debug|x64.ActiveCfg = Debug|x64
		{1F4A3DC8-4CCA-485E-B120-FEB2B5A15023}.Debug|x64.Build.0 = Debug|x64
		{1F4A3DC8-4CCA-485E-B120-FEB2B5A15023}.Debug|x86.ActiveCfg = Debug|x64
		{1F4A3DC8-4CCA-485E-B120-FEB2B5A15023}.Debug|x86.Build.0 = Debug|x64
		{1F4A3DC8-4CCA-485E-B120-FEB2B5A15023}.Release|x64.ActiveCfg = Release|x64
		{1F4A3DC8-4CCA-485E-B120-FEB2B5A15023}.Release|x64.Build.0 = Release|x64
		{1F4A3DC8-4CCA-485E-B120-FEB2B5A15023}.Release|x86.ActiveCfg = Release|x64
		{1F4A3DC8-4CCA-485E-B120-FEB2B5A15023}.Release|x86.Build.0 = Release|x64
		{CF365EDD-C903-47B1-AAAE-A483D3C0D274}.Debug|x64.ActiveCfg = Debug|x64
		{CF365EDD-C903-47B1-AAAE-A483D3C0D274}.Debug|x64.Build.0 = Debug|x64
		{CF365EDD-C903-47B1-AAAE-A483D3C0D274}.Debug|x86.ActiveCfg = Debug|x64
		{CF365EDD-C903-47B1-AAAE-A483D3C0D274}.Debug|x86.Build.0 = Debug|x64
		{CF365EDD-C903-47B1-AAAE-A483D3C0D274}.Release|x64.ActiveCfg = Release|x64
		{CF365EDD-C903-47B1-AAAE-A483D3C0D274}.Release|x64.Build.0 = Release|x64
		{CF365EDD-C903-47B1-AAAE-A483D3C0D274}.Release|x86.ActiveCfg = Release|x64
		{CF365EDD-C903-47B1-AAAE-A483D3C0D274}.Release|x86.Build.0 = Release|x64
		{D442FBFE-1018-4056-A0AE-CBCB6BF9DD90}.Debug|x64.ActiveCfg = Debug|x64
		{D442FBFE-1018-4056-A0AE-CBCB6BF9DD90}.Debug|x64.Build.0 = Debug|x64
		{D442FBFE-1018-4056-A0AE-CBCB6BF9DD90}.Debug|x86.ActiveCfg = Debug|x64
		{D442FBFE-1018-4056-A0AE-CBCB6BF9DD90}.Debug|x86.Build.0 = Debug|x64
		{D442FBFE-1018-4056-A0AE-CBCB6BF9DD90}.Release|x64.ActiveCfg = Release|x64
		{D442FBFE-1018-4056-A0AE-CBCB6BF9DD90}.Release|x64.Build.0 = Release|x64
		{D442FBFE-1018-4056-A0AE-CBCB6BF9DD90}.Release|x86.ActiveCfg = Release|x64
		{D442FBFE-1018-4056-A0AE-CBCB6BF9DD90}.Release|x86.Build.0 = Release|x64
		{EC81BE93-8316-4DB6-8A26-B13FB5B13848}.Debug|x64.ActiveCfg = Debug|x64
		{EC81BE93-8316-4DB6-8A26-B13FB5B13848}.Debug|x64.Build.0 = Debug|x64
		{EC81BE93-8316-4DB6-8A26-B13FB5B13848}.Debug|x86.ActiveCfg = Debug|x64
		{EC81BE93-8316-4DB6-8A26-B13FB5B13848}.Debug|x86.Build.0 = Debug|x64
		{EC81BE93-8316-4DB6-8A26-B13FB5B13848}.Release|x64.ActiveCfg = Release|x64
		{EC81BE93-8316-4DB6-8A26-B13FB5B13848}.Release|x64.Build.0 = Release|x64
		{EC81BE93-8316-4DB6-8A26-B13FB5B13848}.Release|x86.ActiveCfg = Release|x64
		{EC81BE93-8316-4DB6-8A26-B13FB5B13848}.Release|x86.Build.0 = Release|x64
		{148184C3-456B-409C-8112-2FC35DE07D92}.Debug|x64.ActiveCfg = Debug|x64
		{148184C3-456B-409C-8112-2FC35DE07D92}.Debug|x64.Build.0 = Debug|x64
		{148184C3-456B-409C-8112-2FC35DE07D92}.Debug|x86.ActiveCfg = Debug|x64
		{148184C3-456B-409C-8112-2FC35DE07D92}.Debug|x86.Build.0 = Debug|x64
		{148184C3-456B-409C-8112-2FC35DE07D92}.Release|x64.ActiveCfg = Release|x64
		{148184C3-456B-409C-8112-2FC35DE07D92}.Release|x64.Build.0 = Release|x64
		{148184C3-456B-409C-8112-2FC35DE07D92}.Release|x86.ActiveCfg = Release|x64
		{148184C3-456B-409C-8112-2FC35DE07D92}.Release|x86.Build.0 = Release|x64
		{686302AD-7653-43FF-A120-44E8D45B7371}.Debug|x64.ActiveCfg = Debug|x64
		{686302AD-7653-43FF-A120-44E8D45B7371}.Debug|x64.Build.0 = Debug|x64
		{686302AD-7653-43FF-A120-44E8D45B7371}.Debug|x86.ActiveCfg = Debug|x64
		{686302AD-7653-43FF-A120-44E8D45B7371}.Debug|x86.Build.0 = Debug|x64
		{686302AD-7653-43FF-A120-44E8D45B7371}.Release|x64.ActiveCfg = Release|x64
		{686302AD-7653-43FF-A120-44E8D45B7371}.Release|x64.Build.0 = Release|x64
		{686302AD-7653-43FF-A120-44E8D45B7371}.Release|x86.ActiveCfg = Release|x64
		{686302AD-7653-43FF-A120-44E8D45B7371}.Release|x86.Build.0 = Release|x64
		{F119CF47-F0E6-4152-A9BD-07B20BD0B540}.Debug|x64.ActiveCfg = Debug|x64
		{F119CF47-F0E6-4152-A9BD-07B20BD0B540}.Debug|x64.Build.0 = Debug|x64
		{F119CF47-F0E6-4152-A9BD-07B20BD0B540}.Debug|x86.ActiveCfg = Debug|x64
		{F119CF47-F0E6-4152-A9BD-07B20BD0B540}.Debug|x86.Build.0 = Debug|x64
		{F119CF47-F0E6-4152-A9BD-07B20BD0B540}.Release|x64.ActiveCfg = Release|x64
		{F119CF47-F0E6-4152-A9BD-07B20BD0B540}.Release|x64.Build.0 = Release|x64
		{F119CF47-F0E6-4152-A9BD-07B20BD0B540}.Release|x86.ActiveCfg = Release|x64
		{F119CF47-F0E6-4152-A9BD-07B20BD0B540}.Release|x86.Build.0 = Release|x64
		{A059B52A-FB13-4060-AC89-128570938D5D}.Debug|x64.ActiveCfg = Debug|x64
		{A059B52A-FB13-4060-AC89-128570938D5D}.Debug|x64.Build.0 = Debug|x64
		{A059B52A-FB13-4060-AC89-128570938D5D}.Debug|x86.ActiveCfg = Debug|x64
		{A059B52A-FB13-4060-AC89-128570938D5D}.Debug|x86.Build.0 = Debug|x64
		{A059B52A-FB13-4060-AC89-128570938D5D}.Release|x64.ActiveCfg = Release|x64
		{A059B52A-FB13-4060-AC89-128570938D5D}.Release|x64.Build.0 = Release|x64
		{A059B52A-FB13-4060-AC89-128570938D5D}.Release|x86.ActiveCfg = Release|x64
		{A059B52A-FB13-4060-AC89-128570938D5D}.Release|x86.Build.0 = Release|x64
		{D58BDFC6-1F1E-4C55-9296-1C2411B0FDA7}.Debug|x64.ActiveCfg = Debug|x64
		{D58BDFC6-1F1E-4C55-9296-1C2411B0FDA7}.Debug|x64.Build.0 = Debug|x64
		{D58BDFC6-1F1E-4C55-9296-1C2411B0FDA7}.Debug|x86.ActiveCfg = Debug|x64
		{D58BDFC6-1F1E-4C55-9296-1C2411B0FDA7}.Debug|x86.Build.0 = Debug|x64
		{D58BDFC6-1F1E-4C55-9296-1C2411B0FDA7}.Release|x64.ActiveCfg = Release|x64
		{D58BDFC6-1F1E-4C55-9296-1C2411B0FDA7}.Release|x64.Build.0 = Release|x64
		{D58BDFC6-1F1E-4C55-9296-1C2411B0FDA7}.Release|x86.ActiveCfg = Release|x64
		{D58BDFC6-1F1E-4C55-9296-1C2411B0FDA7}.Release|x86.Build.0 = Release|x64
		{9DEC236B-F924-4166-A1B1-002F3BF8F0EC}.Debug|x64.ActiveCfg = Debug|x64
		{9DEC236B-F924-4166-A1B1-002F3BF8F0EC}.Debug|x64.Build.0 = Debug|x64
		{9DEC236B-F924-4166-A1B1-002F3BF8F0EC}.Debug|x86.ActiveCfg = Debug|x64
		{9DEC236B-F924-4166-A1B1-002F3BF8F0EC}.Debug|x86.Build.0 = Debug|x64
		{9DEC236B-F924-4166-A1B1-002F3BF8F0EC}.Release|x64.ActiveCfg = Release|x64
		{9DEC236B-F924-4166-A1B1-002F3BF8F0EC}.Release|x64.Build.0 = Release|x64
		{9DEC236B-F924-4166-A1B1-002F3BF8F0EC}.Release|x86.ActiveCfg = Release|x64
		{9DEC236B-F924-4166-A1B1-002F3BF8F0EC}.Release|x86.Build.0 = Release|x64
		{C44840A5-59BC-4CA0-85C2-B51F0BA6E3BD}.Debug|x64.ActiveCfg = Debug|x64
		{C44840A5-59BC-4CA0-85C2-B51F0BA6E3BD}.Debug|x64.Build.0 = Debug|x64
		{C44840A5-59BC-4CA0-85C2-B51F0BA6E3BD}.Debug|x86.ActiveCfg = Debug|x64
		{C44840A5-59BC-4CA0-85C2-B51F0BA6E3BD}.Debug|x86.Build.0 = Debug|x64
		{C44840A5-59BC-4CA0-85C2-B51F0BA6E3BD}.Release|x64.ActiveCfg = Release|x64
		{C44840A5-59BC-4CA0-85C2-B51F0BA6E3BD}.Release|x64.Build.0 = Release|x64
		{C44840A5-59BC-4CA0-85C2-B51F0BA6E3BD}.Release|x86.ActiveCfg = Release|x64
		{C44840A5-59BC-4CA0-85C2-B51F0BA6E3BD}.Release|x86.Build.0 = Release|x64
		{82A8D930-2514-48FA-B811-E5C402F2AB4A}.Debug|x64.ActiveCfg = Debug|x64
		{82A8D930-2514-48FA-B811-E5C402F2AB4A}.Debug|x64.Build.0 = Debug|x64
		{82A8D930-2514-48FA-B811-E5C402F2AB4A}.Debug|x86.ActiveCfg = Debug|x64
		{82A8D930-2514-48FA-B811-E5C402F2AB4A}.Debug|x86.Build.0 = Debug|x64
		{82A8D930-2514-48FA-B811-E5C402F2AB4A}.Release|x64.ActiveCfg = Release|x64
		{82A8D930-2514-48FA-B811-E5C402F2AB4A}.Release|x64.Build.0 = Release|x64
		{82A8D930-2514-48FA-B811-E5C402F2AB4A}.Release|x86.ActiveCfg = Release|x64
		{82A8D930-2514-48FA-B811-E5C402F2AB4A}.Release|x86.Build.0 = Release|x64
		{677CA72D-E9B7-4AA5-ADBA-1C02AC84F8B0}.Debug|x64.ActiveCfg = Debug|x64
		{677CA72D-E9B7-4AA5-ADBA-1C02AC84F8B0}.Debug|x64.Build.0 = Debug|x64
		{677CA72D-E9B7-4AA5-ADBA-1C02AC84F8B0}.Debug|x86.ActiveCfg = Debug|x64
		{677CA72D-E9B7-4AA5-ADBA-1C02AC84F8B0}.Debug|x86.Build.0 = Debug|x64
		{677CA72D-E9B7-4AA5-ADBA-1C02AC84F8B0}.Release|x64.ActiveCfg = Release|x64
		{677CA72D-E9B7-4AA5-ADBA-1C02AC84F8B0}.Release|x64.Build.0 = Release|x64
		{677CA72D-E9B7-4AA5-ADBA-1C02AC84F8B0}.Release|x86.ActiveCfg = Release|x64
		{677CA72D-E9B7-4AA5-ADBA-1C02AC84F8B0}.Release|x86.Build.0 = Release|x64
		{250224F2-2E89-410E-8BDB-875959DABA2C}.Debug|x64.ActiveCfg = Debug|x64
		{250224F2-2E89-410E-8BDB-875959DABA2C}.Debug|x64.Build.0 = Debug|x64
		{250224F2-2E89-410E-8BDB-875959DABA2C}.Debug|x86.ActiveCfg = Debug|x64
		{250224F2-2E89-410E-8BDB-875959DABA2C}.Debug|x86.Build.0 = Debug|x64
		{250224F2-2E89-410E-8BDB-875959DABA2C}.Release|x64.ActiveCfg = Release|x64
		{250224F2-2E89-410E-8BDB-875959DABA2C}.Release|x64.Build.0 = Release|x64
		{250224F2-2E89-410E-8BDB-875959DABA2C}.Release|x86.ActiveCfg = Release|x64
		{250224F2-2E89-410E-8BDB-875959DABA2C}.Release|x86.Build.0 = Release|x64
		{58ED6CB7-4A88-455E-87DA-39E34CD7B1CF}.Debug|x64.ActiveCfg = Debug|x64
		{58ED6CB7-4A88-455E-87DA-39E34CD7B1CF}.Debug|x64.Build.0 = Debug|x64
		{58ED6CB7-4A88-455E-87DA-39E34CD7B1CF}.Debug|x86.ActiveCfg = Debug|x64
		{58ED6CB7-4A88-455E-87DA-39E34CD7B1CF}.Debug|x86.Build.0 = Debug|x64
		{58ED6CB7-4A88-455E-87DA-39E34CD7B1CF}.Release|x64.ActiveCfg = Release|x64
		{58ED6CB7-4A88-455E-87DA-39E34CD7B1CF}.Release|x64.Build.0 = Release|x64
		{58ED6CB7-4A88-455E-87DA-39E34CD7B1CF}.Release|x86.ActiveCfg = Release|x64
		{58ED6CB7-4A88-455E-87DA-39E34CD7B1CF}.Release|x86.Build.0 = Release|x64
		{D45CCCC7-A1E9-47B5-B9FA-0B599DC8B962}.Debug|x64.ActiveCfg = Debug|x64
		{D45CCCC7-A1E9-47B5-B9FA-0B599DC8B962}.Debug|x64.Build.0 = Debug|x64
		{D45CCCC7-A1E9-47B5-B9FA-0B599DC8B962}.Debug|x86.ActiveCfg = Debug|Win32
		{D45CCCC7-A1E9-47B5-B9FA-0B599DC8B962}.Debug|x86.Build.0 = Debug|Win32
		{D45CCCC7-A1E9-47B5-B9FA-0B599DC8B962}.Release|x64.ActiveCfg = Release|x64
		{D45CCCC7-A1E9-47B5-B9FA-0B599DC8B962}.Release|x64.Build.0 = Release|x64
		{D45CCCC7-A1E9-47B5-B9FA-0B599DC8B962}.Release|x86.ActiveCfg = Release|Win32
		{D45CCCC7-A1E9-47B5-B9FA-0B599DC8B962}.Release|x86.Build.0 = Release|Win32
		{38B397D3-0155-4871-A65C-30F3F9F7DD7A}.Debug|x64.ActiveCfg = Debug|x64
		{38B397D3-0155-4871-A65C-30F3F9F7DD7A}.Debug|x64.Build.0 = Debug|x64
		{38B397D3-0155-4871-A65C-30F3F9F7DD7A}.Debug|x86.ActiveCfg = Debug|x64
		{38B397D3-0155-4871-A65C-30F3F9F7DD7A}.Debug|x86.Build.0 = Debug|x64
		{38B397D3-0155-4871-A65C-30F3F9F7DD7A}.Release|x64.ActiveCfg = Release|x64
		{38B397D3-0155-4871-A65C-30F3F9F7DD7A}.Release|x64.Build.0 = Release|x64
		{38B397D3-0155-4871-A65C-30F3F9F7DD7A}.Release|x86.ActiveCfg = Release|x64
		{38B397D3-0155-4871-A65C-30F3F9F7DD7A}.Release|x86.Build.0 = Release|x64
		{583146AF-EE19-454C-8646-B202C0EB82BA}.Debug|x64.ActiveCfg = Debug|x64
		{583146AF-EE19-454C-8646-B202C0EB82BA}.Debug|x64.Build.0 = Debug|x64
		{583146AF-EE19-454C-8646-B202C0EB82BA}.Debug|x86.ActiveCfg = Debug|x64
		{583146AF-EE19-454C-8646-B202C0EB82BA}.Debug|x86.Build.0 = Debug|x64
		{583146AF-EE19-454C-8646-B202C0EB82BA}.Release|x64.ActiveCfg = Release|x64
		{583146AF-EE19-454C-8646-B202C0EB82BA}.Release|x64.Build.0 = Release|x64
		{583146AF-EE19-454C-8646-B202C0EB82BA}.Release|x86.ActiveCfg = Release|x64
		{583146AF-EE19-454C-8646-B202C0EB82BA}.Release|x86.Build.0 = Release|x64
		{70E74561-B64C-4FF8-9EA5-472BD2D98A4C}.Debug|x64.ActiveCfg = Debug|x64
		{70E74561-B64C-4FF8-9EA5-472BD2D98A4C}.Debug|x64.Build.0 = Debug|x64
		{70E74561-B64C-4FF8-9EA5-472BD2D98A4C}.Debug|x86.ActiveCfg = Debug|x64
		{70E74561-B64C-4FF8-9EA5-472BD2D98A4C}.Debug|x86.Build.0 = Debug|x64
		{70E74561-B64C-4FF8-9EA5-472BD2D98A4C}.Release|x64.ActiveCfg = Release|x64
		{70E74561-B64C-4FF8-9EA5-472BD2D98A4C}.Release|x64.Build.0 = Release|x64
		{70E74561-B64C-4FF8-9EA5-472BD2D98A4C}.Release|x86.ActiveCfg = Release|x64
		{70E74561-B64C-4FF8-9EA5-472BD2D98A4C}.Release|x86.Build.0 = Release|x64
		{BB3BA79F-451E-46D8-8CD8-5993AB932D04}.Debug|x64.ActiveCfg = Debug|x64
		{BB3BA79F-451E-46D8-8CD8-5993AB932D04}.Debug|x64.Build.0 = Debug|x64
		{BB3BA79F-451E-46D8-8CD8-5993AB932D04}.Debug|x86.ActiveCfg = Debug|x64
		{BB3BA79F-451E-46D8-8CD8-5993AB932D04}.Debug|x86.Build.0 = Debug|x64
		{BB3BA79F-451E-46D8-8CD8-5993AB932D04}.Release|x64.ActiveCfg = Release|x64
		{BB3BA79F-451E-46D8-8CD8-5993AB932D04}.Release|x64.Build.0 = Release|x64
		{BB3BA79F-451E-46D8-8CD8-5993AB932D04}.Release|x86.ActiveCfg = Release|x64
		{BB3BA79F-451E-46D8-8CD8-5993AB932D04}.Release|x86.Build.0 = Release|x64
		{5E491258-51F1-418E-89A6-79A0480E1F34}.Debug|x64.ActiveCfg = Debug|x64
		{5E491258-51F1-418E-89A6-79A0480E1F34}.Debug|x64.Build.0 = Debug|x64
		{5E491258-51F1-418E-89A6-79A0480E1F34}.Debug|x86.ActiveCfg = Debug|x64
		{5E491258-51F1-418E-89A6-79A0480E1F34}.Debug|x86.Build.0 = Debug|x64
		{5E491258-51F1-418E-89A6-79A0480E1F34}.Release|x64.ActiveCfg = Release|x64
		{5E491258-51F1-418E-89A6-79A0480E1F34}.Release|x64.Build.0 = Release|x64
		{5E491258-51F1-418E-89A6-79A0480E1F34}.Release|x86.ActiveCfg = Release|x64
		{5E491258-51F1-418E-89A6-79A0480E1F34}.Release|x86.Build.0 = Release|x64
		{3A62C094-DBDF-414A-A65E-EBDB939A81E5}.Debug|x64.ActiveCfg = Debug|x64
		{3A62C094-DBDF-414A-A65E-EBDB939A81E5}.Debug|x64.Build.0 = Debug|x64
		{3A62C094-DBDF-414A-A65E-EBDB939A81E5}.Debug|x86.ActiveCfg = Debug|x64
		{3A62C094-DBDF-414A-A65E-EBDB939A81E5}.Debug|x86.Build.0 = Debug|x64
		{3A62C094-DBDF-414A-A65E-EBDB939A81E5}.Release|x64.ActiveCfg = Release|x64
		{3A62C094-DBDF-414A-A65E-EBDB939A81E5}.Release|x64.Build.0 = Release|x64
		{3A62C094-DBDF-414A-A65E-EBDB939A81E5}.Release|x86.ActiveCfg = Release|x64
		{3A62C094-DBDF-414A-A65E-EBDB939A81E5}.Release|x86.Build.0 = Release|x64
		{5CC7FDA2-67EE-4C85-90F7-291AD93C82AF}.Debug|x64.ActiveCfg = Debug|x64
		{5CC7FDA2-67EE-4C85-90F7-291AD93C82AF}.Debug|x64.Build.0 = Debug|x64
		{5CC7FDA2-67EE-4C85-90F7-291AD93C82AF}.Debug|x86.ActiveCfg = Debug|x64
		{5CC7FDA2-67EE-4C85-90F7-291AD93C82AF}.Debug|x86.Build.0 = Debug|x64
		{5CC7FDA2-67EE-4C85-90F7-291AD93C82AF}.Release|x64.ActiveCfg = Release|x64
		{5CC7FDA2-67EE-4C85-90F7-291AD93C82AF}.Release|x64.Build.0 = Release|x64
		{5CC7FDA2-67EE-4C85-90F7-291AD93C82AF}.Release|x86.ActiveCfg = Release|x64
		{5CC7FDA2-67EE-4C85-90F7-291AD93C82AF}.Release|x86.Build.0 = Release|x64
		{0F7CE378-7060-4B23-990B-8ED758654D81}.Debug|x64.ActiveCfg = Debug|x64
		{0F7CE378-7060-4B23-990B-8ED758654D81}.Debug|x64.Build.0 = Debug|x64
		{0F7CE378-7060-4B23-990B-8ED758654D81}.Debug|x86.ActiveCfg = Debug|x64
		{0F7CE378-7060-4B23-990B-8ED758654D81}.Debug|x86.Build.0 = Debug|x64
		{0F7CE378-7060-4B23-990B-8ED758654D81}.Release|x64.ActiveCfg = Release|x64
		{0F7CE378-7060-4B23-990B-8ED758654D81}.Release|x64.Build.0 = Release|x64
		{0F7CE378-7060-4B23-990B-8ED758654D81}.Release|x86.ActiveCfg = Release|x64
		{0F7CE378-7060-4B23-990B-8ED758654D81}.Release|x86.Build.0 = Release|x64
		{847B64EE-2C78-48F9-912B-D700F2A5CB91}.Debug|x64.ActiveCfg = Debug|x64
		{847B64EE-2C78-48F9-912B-D700F2A5CB91}.Debug|x64.Build.0 = Debug|x64
		{847B64EE-2C78-48F9-912B-D700F2A5CB91}.Debug|x86.ActiveCfg = Debug|x64
		{847B64EE-2C78-48F9-912B-D700F2A5CB91}.Debug|x86.Build.0 = Debug|x64
		{847B64EE-2C78-48F9-912B-D700F2A5CB91}.Release|x64.ActiveCfg = Release|x64
		{847B64EE-2C78-48F9-912B-D700F2A5CB91}.Release|x64.Build.0 = Release|x64
		{847B64EE-2C78-48F9-912B-D700F2A5CB91}.Release|x86.ActiveCfg = Release|x64
		{847B64EE-2C78-48F9-912B-D700F2A5CB91}.Release|x86.Build.0 = Release|x64
		{93A649B4-9E40-44A4-80A5-5EAFA3AF6024}.Debug|x64.ActiveCfg = Debug|x64
		{93A649B4-9E40-44A4-80A5-5EAFA3AF6024}.Debug|x64.Build.0 = Debug|x64
		{93A649B4-9E40-44A4-80A5-5EAFA3AF6024}.Debug|x86.ActiveCfg = Debug|x64
		{93A649B4-9E40-44A4-80A5-5EAFA3AF6024}.Debug|x86.Build.0 = Debug|x64
		{93A649B4-9E40-44A4-80A5-5EAFA3AF6024}.Release|x64.ActiveCfg = Release|x64
		{93A649B4-9E40-44A4-80A5-5EAFA3AF6024}.Release|x64.Build.0 = Release|x64
		{93A649B4-9E40-44A4-80A5-5EAFA3AF6024}.Release|x86.ActiveCfg = Release|x64
		{93A649B4-9E40-44A4-80A5-5EAFA3AF6024}.Release|x86.Build.0 = Release|x64
		{7B9E5439-60A1-4AA6-9001-BA1D0D65D500}.Debug|x64.ActiveCfg = Debug|x64
		{7B9E5439-60A1-4AA6-9001-BA1D0D65D500}.Debug|x64.Build.0 = Debug|x64
		{7B9E5439-60A1-4AA6-9001-BA1D0D65D500}.Debug|x86.ActiveCfg = Debug|x64
		{7B9E5439-60A1-4AA6-9001-BA1D0D65D500}.Debug|x86.Build.0 = Debug|x64
		{7B9E5439-60A1-4AA6-9001-BA1D0D65D500}.Release|x64.ActiveCfg = Release|x64
		{7B9E5439-60A1-4AA6-9001-BA1D0D65D500}.Release|x64.Build.0 = Release|x64
		{7B9E5439-60A1-4AA6-9001-BA1D0D65D500}.Release|x86.ActiveCfg = Release|x64
		{7B9E5439-60A1-4AA6-9001-BA1D0D65D500}.Release|x86.Build.0 = Release|x64
		{61B81F77-92C0-4C94-A893-7458FBE76C0B}.Debug|x64.ActiveCfg = Debug|x64
		{61B81F77-92C0-4C94-A893-7458FBE76C0B}.Debug|x64.Build.0 = Debug|x64
		{61B81F77-92C0-4C94-A893-7458FBE76C0B}.Debug|x86.ActiveCfg = Debug|x64
		{61B81F77-92C0-4C94-A893-7458FBE76C0B}.Debug|x86.Build.0 = Debug|x64
		{61B81F77-92C0-4C94-A893-7458FBE76C0B}.Release|x64.ActiveCfg = Release|x64
		{61B81F77-92C0-4C94-A893-7458FBE76C0B}.Release|x64.Build.0 = Release|x64
		{61B81F77-92C0-4C94-A893-7458FBE76C0B}.Release|x86.ActiveCfg = Release|x64
		{61B81F77-92C0-4C94-A893-7458FBE76C0B}.Release|x86.Build.0 = Release|x64
		{CFE792F6-D4A5-4805-B0E6-2FA4CDD4DAE7}.Debug|x64.ActiveCfg = Debug|x64
		{CFE792F6-D4A5-4805-B0E6-2FA4CDD4DAE7}.Debug|x64.Build.0 = Debug|x64
		{CFE792F6-D4A5-4805-B0E6-2FA4CDD4DAE7}.Debug|x86.ActiveCfg = Debug|x64
		{CFE792F6-D4A5-4805-B0E6-2FA4CDD4DAE7}.Debug|x86.Build.0 = Debug|x64
		{CFE792F6-D4A5-4805-B0E6-2FA4CDD4DAE7}.Release|x64.ActiveCfg = Release|x64
		{CFE792F6-D4A5-4805-B0E6-2FA4CDD4DAE7}.Release|x64.Build.0 = Release|x64
		{CFE792F6-D4A5-4805-B0E6-2FA4CDD4DAE7}.Release|x86.ActiveCfg = Release|x64
		{CFE792F6-D4A5-4805-B0E6-2FA4CDD4DAE7}.Release|x86.Build.0 = Release|x64
		{ACEE0671-79F0-43DA-AB02-D3D0A52CC22A}.Debug|x64.ActiveCfg = Debug|x64
		{ACEE0671-79F0-43DA-AB02-D3D0A52CC22A}.Debug|x64.Build.0 = Debug|x64
		{ACEE0671-79F0-43DA-AB02-D3D0A52CC22A}.Debug|x86.ActiveCfg = Debug|x64
		{ACEE0671-79F0-43DA-AB02-D3D0A52CC22A}.Debug|x86.Build.0 = Debug|x64
		{ACEE0671-79F0-43DA-AB02-D3D0A52CC22A}.Release|x64.ActiveCfg = Release|x64
		{ACEE0671-79F0-43DA-AB02-D3D0A52CC22A}.Release|x64.Build.0 = Release|x64
		{ACEE0671-79F0-43DA-AB02-D3D0A52CC22A}.Release|x86.ActiveCfg = Release|x64
		{ACEE0671-79F0-43DA-AB02-D3D0A52CC22A}.Release|x86.Build.0 = Release|x64
		{808D773C-086C-4E17-A195-B4AF30EEE86E}.Debug|x64.ActiveCfg = Debug|x64
		{808D773C-086C-4E17-A195-B4AF30EEE86E}.Debug|x64.Build.0 = Debug|x64
		{808D773C-086C-4E17-A195-B4AF30EEE86E}.Debug|x86.ActiveCfg = Debug|x64
		{808D773C-086C-4E17-A195-B4AF30EEE86E}.Debug|x86.Build.0 = Debug|x64
		{808D773C-086C-4E17-A195-B4AF30EEE86E}.Release|x64.ActiveCfg = Release|x64
		{808D773C-086C-4E17-A195-B4AF30EEE86E}.Release|x64.Build.0 = Release|x64
		{808D773C-086C-4E17-A195-B4AF30EEE86E}.Release|x86.ActiveCfg = Release|x64
		{808D773C-086C-4E17-A195-B4AF30EEE86E}.Release|x86.Build.0 = Release|x64
		{286FF3B0-952D-4193-94AB-C8C300BC85F0}.Debug|x64.ActiveCfg = Debug|x64
		{286FF3B0-952D-4193-94AB-C8C300BC85F0}.Debug|x64.Build.0 = Debug|x64
		{286FF3B0-952D-4193-94AB-C8C300BC85F0}.Debug|x86.ActiveCfg = Debug|x64
		{286FF3B0-952D-4193-94AB-C8C300BC85F0}.Debug|x86.Build.0 = Debug|x64
		{286FF3B0-952D-4193-94AB-C8C300BC85F0}.Release|x64.ActiveCfg = Release|x64
		{286FF3B0-952D-4193-94AB-C8C300BC85F0}.Release|x64.Build.0 = Release|x64
		{286FF3B0-952D-4193-94AB-C8C300BC85F0}.Release|x86.ActiveCfg = Release|x64
		{286FF3B0-952D-4193-94AB-C8C300BC85F0}.Release|x86.Build.0 = Release|x64
		{8AEAC824-7FF6-3DCE-BD4F-2D1E1BBCFD0E}.Debug|x64.ActiveCfg = Debug|x64
		{8AEAC824-7FF6-3DCE-BD4F-2D1E1BBCFD0E}.Debug|x64.Build.0 = Debug|x64
		{8AEAC824-7FF6-3DCE-BD4F-2D1E1BBCFD0E}.Debug|x86.ActiveCfg = Debug|x64
		{8AEAC824-7FF6-3DCE-BD4F-2D1E1BBCFD0E}.Debug|x86.Build.0 = Debug|x64
		{8AEAC824-7FF6-3DCE-BD4F-2D1E1BBCFD0E}.Release|x64.ActiveCfg = Release|x64
		{8AEAC824-7FF6-3DCE-BD4F-2D1E1BBCFD0E}.Release|x64.Build.0 = Release|x64
		{8AEAC824-7FF6-3DCE-BD4F-2D1E1BBCFD0E}.Release|x86.ActiveCfg = Release|x64
		{8AEAC824-7FF6-3DCE-BD4F-2D1E1BBCFD0E}.Release|x86.Build.0 = Release|x64
		{8D9EA734-C041-463B-9ABB-2EDC6F1CD04F}.Debug|x64.ActiveCfg = Debug|x64
		{8D9EA734-C041-463B-9ABB-2EDC6F1CD04F}.Debug|x64.Build.0 = Debug|x64
		{8D9EA734-C041-463B-9ABB-2EDC6F1CD04F}.Debug|x86.ActiveCfg = Debug|x64
		{8D9EA734-C041-463B-9ABB-2EDC6F1CD04F}.Debug|x86.Build.0 = Debug|x64
		{8D9EA734-C041-463B-9ABB-2EDC6F1CD04F}.Release|x64.ActiveCfg = Release|x64
		{8D9EA734-C041-463B-9ABB-2EDC6F1CD04F}.Release|x64.Build.0 = Release|x64
		{8D9EA734-C041-463B-9ABB-2EDC6F1CD04F}.Release|x86.ActiveCfg = Release|x64
		{8D9EA734-C041-463B-9ABB-2EDC6F1CD04F}.Release|x86.Build.0 = Release|x64
		{2B13A785-82EC-4C96-AE28-9BB738182CF5}.Debug|x64.ActiveCfg = Debug|x64
		{2B13A785-82EC-4C96-AE28-9BB738182CF5}.Debug|x64.Build.0 = Debug|x64
		{2B13A785-82EC-4C96-AE28-9BB738182CF5}.Debug|x86.ActiveCfg = Debug|x64
		{2B13A785-82EC-4C96-AE28-9BB738182CF5}.Debug|x86.Build.0 = Debug|x64
		{2B13A785-82EC-4C96-AE28-9BB738182CF5}.Release|x64.ActiveCfg = Release|x64
		{2B13A785-82EC-4C96-AE28-9BB738182CF5}.Release|x64.Build.0 = Release|x64
		{2B13A785-82EC-4C96-AE28-9BB738182CF5}.Release|x86.ActiveCfg = Release|x64
		{2B13A785-82EC-4C96-AE28-9BB738182CF5}.Release|x86.Build.0 = Release|x64
		{B278162F-3EE6-4BCC-AF23-8E04A164A4E6}.Debug|x64.ActiveCfg = Debug|x64
		{B278162F-3EE6-4BCC-AF23-8E04A164A4E6}.Debug|x64.Build.0 = Debug|x64
		{B278162F-3EE6-4BCC-AF23-8E04A164A4E6}.Debug|x86.ActiveCfg = Debug|x64
		{B278162F-3EE6-4BCC-AF23-8E04A164A4E6}.Debug|x86.Build.0 = Debug|x64
		{B278162F-3EE6-4BCC-AF23-8E04A164A4E6}.Release|x64.ActiveCfg = Release|x64
		{B278162F-3EE6-4BCC-AF23-8E04A164A4E6}.Release|x64.Build.0 = Release|x64
		{B278162F-3EE6-4BCC-AF23-8E04A164A4E6}.Release|x86.ActiveCfg = Release|x64
		{B278162F-3EE6-4BCC-AF23-8E04A164A4E6}.Release|x86.Build.0 = Release|x64
		{20F15EB4-E65B-4D48-AA18-C7DAD16279CC}.Debug|x64.ActiveCfg = Debug|x64
		{20F15EB4-E65B-4D48-AA18-C7DAD16279CC}.Debug|x64.Build.0 = Debug|x64
		{20F15EB4-E65B-4D48-AA18-C7DAD16279CC}.Debug|x86.ActiveCfg = Debug|x64
		{20F15EB4-E65B-4D48-AA18-C7DAD16279CC}.Debug|x86.Build.0 = Debug|x64
		{20F15EB4-E65B-4D48-AA18-C7DAD16279CC}.Release|x64.ActiveCfg = Release|x64
		{20F15EB4-E65B-4D48-AA18-C7DAD16279CC}.Release|x64.Build.0 = Release|x64
		{20F15EB4-E65B-4D48-AA18-C7DAD16279CC}.Release|x86.ActiveCfg = Release|x64
		{20F15EB4-E65B-4D48-AA18-C7DAD16279CC}.Release|x86.Build.0 = Release|x64
	EndGlobalSection
	GlobalSection(SolutionProperties) = preSolution
		HideSolutionNode = FALSE
	EndGlobalSection
	GlobalSection(NestedProjects) = preSolution
		{1F4A3DC8-4CCA-485E-B120-FEB2B5A15023} = {F9F8A94D-341A-46BD-A4DA-13CC33489942}
		{A059B52A-FB13-4060-AC89-128570938D5D} = {29EE6611-75A5-4A1D-A994-33A5EBB4F765}
		{D58BDFC6-1F1E-4C55-9296-1C2411B0FDA7} = {29EE6611-75A5-4A1D-A994-33A5EBB4F765}
		{9DEC236B-F924-4166-A1B1-002F3BF8F0EC} = {29EE6611-75A5-4A1D-A994-33A5EBB4F765}
		{C44840A5-59BC-4CA0-85C2-B51F0BA6E3BD} = {29EE6611-75A5-4A1D-A994-33A5EBB4F765}
		{82A8D930-2514-48FA-B811-E5C402F2AB4A} = {29EE6611-75A5-4A1D-A994-33A5EBB4F765}
		{677CA72D-E9B7-4AA5-ADBA-1C02AC84F8B0} = {F9F8A94D-341A-46BD-A4DA-13CC33489942}
		{38B397D3-0155-4871-A65C-30F3F9F7DD7A} = {F9F8A94D-341A-46BD-A4DA-13CC33489942}
		{583146AF-EE19-454C-8646-B202C0EB82BA} = {29EE6611-75A5-4A1D-A994-33A5EBB4F765}
		{3A62C094-DBDF-414A-A65E-EBDB939A81E5} = {F9F8A94D-341A-46BD-A4DA-13CC33489942}
		{5CC7FDA2-67EE-4C85-90F7-291AD93C82AF} = {F9F8A94D-341A-46BD-A4DA-13CC33489942}
		{847B64EE-2C78-48F9-912B-D700F2A5CB91} = {29EE6611-75A5-4A1D-A994-33A5EBB4F765}
		{61B81F77-92C0-4C94-A893-7458FBE76C0B} = {29EE6611-75A5-4A1D-A994-33A5EBB4F765}
		{ACEE0671-79F0-43DA-AB02-D3D0A52CC22A} = {29EE6611-75A5-4A1D-A994-33A5EBB4F765}
		{808D773C-086C-4E17-A195-B4AF30EEE86E} = {29EE6611-75A5-4A1D-A994-33A5EBB4F765}
		{8D9EA734-C041-463B-9ABB-2EDC6F1CD04F} = {29EE6611-75A5-4A1D-A994-33A5EBB4F765}
		{2B13A785-82EC-4C96-AE28-9BB738182CF5} = {29EE6611-75A5-4A1D-A994-33A5EBB4F765}
		{B278162F-3EE6-4BCC-AF23-8E04A164A4E6} = {29EE6611-75A5-4A1D-A994-33A5EBB4F765}
		{20F15EB4-E65B-4D48-AA18-C7DAD16279CC} = {F9F8A94D-341A-46BD-A4DA-13CC33489942}
	EndGlobalSection
	GlobalSection(ExtensibilityGlobals) = postSolution
		SolutionGuid = {AF860836-279D-4187-9FAF-4E2D4B9C59CF}
	EndGlobalSection
EndGlobal
