<?xml version="1.0" encoding="utf-8"?>
<Project ToolsVersion="4.0" xmlns="http://schemas.microsoft.com/developer/msbuild/2003">
  <ItemGroup>
    <Filter Include="Source Files">
      <UniqueIdentifier>{4FC737F1-C7A5-4376-A066-2A32D752A2FF}</UniqueIdentifier>
      <Extensions>cpp;c;cc;cxx;c++;cppm;ixx;def;odl;idl;hpj;bat;asm;asmx</Extensions>
    </Filter>
    <Filter Include="Header Files">
      <UniqueIdentifier>{93995380-89BD-4b04-88EB-625FBE52EBFB}</UniqueIdentifier>
      <Extensions>h;hh;hpp;hxx;h++;hm;inl;inc;ipp;xsd</Extensions>
    </Filter>
    <Filter Include="Resource Files">
      <UniqueIdentifier>{67DA6AB6-F800-4c08-8B7A-83BB121AAD01}</UniqueIdentifier>
      <Extensions>rc;ico;cur;bmp;dlg;rc2;rct;bin;rgs;gif;jpg;jpeg;jpe;resx;tiff;tif;png;wav;mfcribbon-ms</Extensions>
    </Filter>
    <Filter Include="Header Files\settings">
      <UniqueIdentifier>{876e7453-cf3e-46b7-84d4-af33edebd4c3}</UniqueIdentifier>
    </Filter>
    <Filter Include="Source Files\settings">
      <UniqueIdentifier>{b50c2113-9d55-4d41-a509-563536ea58f3}</UniqueIdentifier>
    </Filter>
    <Filter Include="Header Files\modules">
      <UniqueIdentifier>{fb473b7e-19ce-4b9e-9ad6-1531f273770a}</UniqueIdentifier>
    </Filter>
    <Filter Include="Source Files\modules">
      <UniqueIdentifier>{c6e43ffa-3021-4a67-9048-ef1f2bd97331}</UniqueIdentifier>
    </Filter>
    <Filter Include="Module Spec">
      <UniqueIdentifier>{6d196b5d-acca-4a87-8558-e71395ac5fb1}</UniqueIdentifier>
    </Filter>
  </ItemGroup>
  <ItemGroup>
    <ClInclude Include="settings\settings.h">
      <Filter>Header Files\settings</Filter>
    </ClInclude>
    <ClInclude Include="app_init.h">
      <Filter>Header Files</Filter>
    </ClInclude>
    <ClInclude Include="notification.h">
      <Filter>Header Files</Filter>
    </ClInclude>
    <ClInclude Include="modules\module_list.h">
      <Filter>Header Files\modules</Filter>
    </ClInclude>
    <ClInclude Include="modules\module_base.h">
      <Filter>Header Files\modules</Filter>
    </ClInclude>
    <ClInclude Include="..\nxemu-module-spec\base.h">
      <Filter>Module Spec</Filter>
    </ClInclude>
    <ClInclude Include="settings\core_settings.h">
      <Filter>Header Files\settings</Filter>
    </ClInclude>
    <ClInclude Include="..\nxemu-module-spec\operating_system.h">
      <Filter>Module Spec</Filter>
    </ClInclude>
    <ClInclude Include="modules\cpu_module.h">
      <Filter>Header Files\modules</Filter>
    </ClInclude>
    <ClInclude Include="modules\operating_system_module.h">
      <Filter>Header Files\modules</Filter>
    </ClInclude>
    <ClInclude Include="modules\video_module.h">
      <Filter>Header Files\modules</Filter>
    </ClInclude>
    <ClInclude Include="..\nxemu-module-spec\cpu.h">
      <Filter>Module Spec</Filter>
    </ClInclude>
    <ClInclude Include="..\nxemu-module-spec\video.h">
      <Filter>Module Spec</Filter>
    </ClInclude>
    <ClInclude Include="modules\module_notification.h">
      <Filter>Header Files\modules</Filter>
    </ClInclude>
    <ClInclude Include="modules\module_settings.h">
      <Filter>Header Files\modules</Filter>
    </ClInclude>
    <ClInclude Include="settings\identifiers.h">
      <Filter>Header Files\settings</Filter>
    </ClInclude>
    <ClInclude Include="modules\loader_module.h">
      <Filter>Header Files\modules</Filter>
    </ClInclude>
    <ClInclude Include="..\nxemu-module-spec\system_loader.h">
      <Filter>Module Spec</Filter>
    </ClInclude>
    <ClInclude Include="logging.h">
      <Filter>Header Files</Filter>
    </ClInclude>
    <ClInclude Include="modules\system_modules.h">
      <Filter>Header Files\modules</Filter>
    </ClInclude>
  </ItemGroup>
  <ItemGroup>
    <ClCompile Include="settings\settings.cpp">
      <Filter>Source Files\settings</Filter>
    </ClCompile>
    <ClCompile Include="app_init.cpp">
      <Filter>Source Files</Filter>
    </ClCompile>
    <ClCompile Include="modules\module_list.cpp">
      <Filter>Source Files\modules</Filter>
    </ClCompile>
    <ClCompile Include="settings\core_settings.cpp">
      <Filter>Source Files\settings</Filter>
    </ClCompile>
    <ClCompile Include="modules\module_base.cpp">
      <Filter>Source Files\modules</Filter>
    </ClCompile>
    <ClCompile Include="modules\cpu_module.cpp">
      <Filter>Source Files\modules</Filter>
    </ClCompile>
    <ClCompile Include="modules\operating_system_module.cpp">
      <Filter>Source Files\modules</Filter>
    </ClCompile>
    <ClCompile Include="modules\video_module.cpp">
      <Filter>Source Files\modules</Filter>
    </ClCompile>
    <ClCompile Include="modules\module_notification.cpp">
      <Filter>Source Files\modules</Filter>
    </ClCompile>
    <ClCompile Include="modules\module_settings.cpp">
      <Filter>Source Files\modules</Filter>
    </ClCompile>
    <ClCompile Include="notification.cpp">
      <Filter>Source Files</Filter>
    </ClCompile>
    <ClCompile Include="modules\loader_module.cpp">
      <Filter>Source Files\modules</Filter>
    </ClCompile>
    <ClCompile Include="logging.cpp">
      <Filter>Source Files</Filter>
    </ClCompile>
    <ClCompile Include="modules\system_modules.cpp">
      <Filter>Source Files\modules</Filter>
    </ClCompile>
  </ItemGroup>
</Project>