<?xml version="1.0" encoding="utf-8"?>
<Project ToolsVersion="4.0" xmlns="http://schemas.microsoft.com/developer/msbuild/2003">
  <ItemGroup>
    <Filter Include="Source Files">
      <UniqueIdentifier>{4FC737F1-C7A5-4376-A066-2A32D752A2FF}</UniqueIdentifier>
      <Extensions>cpp;c;cc;cxx;c++;cppm;ixx;def;odl;idl;hpj;bat;asm;asmx</Extensions>
    </Filter>
    <Filter Include="Header Files">
      <UniqueIdentifier>{93995380-89BD-4b04-88EB-625FBE52EBFB}</UniqueIdentifier>
      <Extensions>h;hh;hpp;hxx;h++;hm;inl;inc;ipp;xsd</Extensions>
    </Filter>
    <Filter Include="Resource Files">
      <UniqueIdentifier>{67DA6AB6-F800-4c08-8B7A-83BB121AAD01}</UniqueIdentifier>
      <Extensions>rc;ico;cur;bmp;dlg;rc2;rct;bin;rgs;gif;jpg;jpeg;jpe;resx;tiff;tif;png;wav;mfcribbon-ms</Extensions>
    </Filter>
    <Filter Include="Source Files\logging">
      <UniqueIdentifier>{76c2dd39-0477-4330-9b25-cf7c2293e335}</UniqueIdentifier>
    </Filter>
    <Filter Include="Header Files\logging">
      <UniqueIdentifier>{3a3c81e8-b596-455c-a165-18ecd2522e9c}</UniqueIdentifier>
    </Filter>
    <Filter Include="Source Files\fs">
      <UniqueIdentifier>{46491a59-c1f1-4a09-81ab-82f08448339b}</UniqueIdentifier>
    </Filter>
    <Filter Include="Source Files\windows">
      <UniqueIdentifier>{6a8500e6-9481-4dc2-bcb9-c3f534e11a03}</UniqueIdentifier>
    </Filter>
    <Filter Include="Header Files\fs">
      <UniqueIdentifier>{cd6d24c3-bb5a-4586-b8c8-c24a7bd82276}</UniqueIdentifier>
    </Filter>
    <Filter Include="Header Files\windows">
      <UniqueIdentifier>{4068ed8b-a3c3-442e-b2d7-70f1d415c504}</UniqueIdentifier>
    </Filter>
    <Filter Include="Header Files\x64">
      <UniqueIdentifier>{69486afa-3abc-49da-9f4b-fa67c478505f}</UniqueIdentifier>
    </Filter>
  </ItemGroup>
  <ItemGroup>
    <ClInclude Include="logging\backend.h">
      <Filter>Header Files\logging</Filter>
    </ClInclude>
    <ClInclude Include="logging\filter.h">
      <Filter>Header Files\logging</Filter>
    </ClInclude>
    <ClInclude Include="logging\formatter.h">
      <Filter>Header Files\logging</Filter>
    </ClInclude>
    <ClInclude Include="logging\log.h">
      <Filter>Header Files\logging</Filter>
    </ClInclude>
    <ClInclude Include="logging\log_entry.h">
      <Filter>Header Files\logging</Filter>
    </ClInclude>
    <ClInclude Include="logging\text_formatter.h">
      <Filter>Header Files\logging</Filter>
    </ClInclude>
    <ClInclude Include="common_types.h">
      <Filter>Header Files</Filter>
    </ClInclude>
    <ClInclude Include="string_util.h">
      <Filter>Header Files</Filter>
    </ClInclude>
    <ClInclude Include="fs\file.h">
      <Filter>Header Files\fs</Filter>
    </ClInclude>
    <ClInclude Include="fs\fs.h">
      <Filter>Header Files\fs</Filter>
    </ClInclude>
    <ClInclude Include="fs\fs_paths.h">
      <Filter>Header Files\fs</Filter>
    </ClInclude>
    <ClInclude Include="fs\fs_types.h">
      <Filter>Header Files\fs</Filter>
    </ClInclude>
    <ClInclude Include="fs\fs_util.h">
      <Filter>Header Files\fs</Filter>
    </ClInclude>
    <ClInclude Include="fs\path_util.h">
      <Filter>Header Files\fs</Filter>
    </ClInclude>
    <ClInclude Include="windows\timer_resolution.h">
      <Filter>Header Files\windows</Filter>
    </ClInclude>
    <ClInclude Include="address_space.h">
      <Filter>Header Files</Filter>
    </ClInclude>
    <ClInclude Include="alignment.h">
      <Filter>Header Files</Filter>
    </ClInclude>
    <ClInclude Include="atomic_ops.h">
      <Filter>Header Files</Filter>
    </ClInclude>
    <ClInclude Include="bit_cast.h">
      <Filter>Header Files</Filter>
    </ClInclude>
    <ClInclude Include="bit_field.h">
      <Filter>Header Files</Filter>
    </ClInclude>
    <ClInclude Include="bit_set.h">
      <Filter>Header Files</Filter>
    </ClInclude>
    <ClInclude Include="bit_util.h">
      <Filter>Header Files</Filter>
    </ClInclude>
    <ClInclude Include="bounded_threadsafe_queue.h">
      <Filter>Header Files</Filter>
    </ClInclude>
    <ClInclude Include="common_funcs.h">
      <Filter>Header Files</Filter>
    </ClInclude>
    <ClInclude Include="concepts.h">
      <Filter>Header Files</Filter>
    </ClInclude>
    <ClInclude Include="div_ceil.h">
      <Filter>Header Files</Filter>
    </ClInclude>
    <ClInclude Include="dynamic_library.h">
      <Filter>Header Files</Filter>
    </ClInclude>
    <ClInclude Include="error.h">
      <Filter>Header Files</Filter>
    </ClInclude>
    <ClInclude Include="expected.h">
      <Filter>Header Files</Filter>
    </ClInclude>
    <ClInclude Include="fiber.h">
      <Filter>Header Files</Filter>
    </ClInclude>
    <ClInclude Include="free_region_manager.h">
      <Filter>Header Files</Filter>
    </ClInclude>
    <ClInclude Include="heap_tracker.h">
      <Filter>Header Files</Filter>
    </ClInclude>
    <ClInclude Include="hex_util.h">
      <Filter>Header Files</Filter>
    </ClInclude>
    <ClInclude Include="host_memory.h">
      <Filter>Header Files</Filter>
    </ClInclude>
    <ClInclude Include="input.h">
      <Filter>Header Files</Filter>
    </ClInclude>
    <ClInclude Include="intrusive_list.h">
      <Filter>Header Files</Filter>
    </ClInclude>
    <ClInclude Include="intrusive_red_black_tree.h">
      <Filter>Header Files</Filter>
    </ClInclude>
    <ClInclude Include="literals.h">
      <Filter>Header Files</Filter>
    </ClInclude>
    <ClInclude Include="make_unique_for_overwrite.h">
      <Filter>Header Files</Filter>
    </ClInclude>
    <ClInclude Include="math_util.h">
      <Filter>Header Files</Filter>
    </ClInclude>
    <ClInclude Include="microprofile.h">
      <Filter>Header Files</Filter>
    </ClInclude>
    <ClInclude Include="overflow.h">
      <Filter>Header Files</Filter>
    </ClInclude>
    <ClInclude Include="page_table.h">
      <Filter>Header Files</Filter>
    </ClInclude>
    <ClInclude Include="param_package.h">
      <Filter>Header Files</Filter>
    </ClInclude>
    <ClInclude Include="parent_of_member.h">
      <Filter>Header Files</Filter>
    </ClInclude>
    <ClInclude Include="point.h">
      <Filter>Header Files</Filter>
    </ClInclude>
    <ClInclude Include="polyfill_ranges.h">
      <Filter>Header Files</Filter>
    </ClInclude>
    <ClInclude Include="polyfill_thread.h">
      <Filter>Header Files</Filter>
    </ClInclude>
    <ClInclude Include="quaternion.h">
      <Filter>Header Files</Filter>
    </ClInclude>
    <ClInclude Include="range_mutex.h">
      <Filter>Header Files</Filter>
    </ClInclude>
    <ClInclude Include="scope_exit.h">
      <Filter>Header Files</Filter>
    </ClInclude>
    <ClInclude Include="scratch_buffer.h">
      <Filter>Header Files</Filter>
    </ClInclude>
    <ClInclude Include="settings.h">
      <Filter>Header Files</Filter>
    </ClInclude>
    <ClInclude Include="settings_common.h">
      <Filter>Header Files</Filter>
    </ClInclude>
    <ClInclude Include="settings_enums.h">
      <Filter>Header Files</Filter>
    </ClInclude>
    <ClInclude Include="settings_input.h">
      <Filter>Header Files</Filter>
    </ClInclude>
    <ClInclude Include="settings_setting.h">
      <Filter>Header Files</Filter>
    </ClInclude>
    <ClInclude Include="spin_lock.h">
      <Filter>Header Files</Filter>
    </ClInclude>
    <ClInclude Include="steady_clock.h">
      <Filter>Header Files</Filter>
    </ClInclude>
    <ClInclude Include="swap.h">
      <Filter>Header Files</Filter>
    </ClInclude>
    <ClInclude Include="thread.h">
      <Filter>Header Files</Filter>
    </ClInclude>
    <ClInclude Include="thread_worker.h">
      <Filter>Header Files</Filter>
    </ClInclude>
    <ClInclude Include="threadsafe_queue.h">
      <Filter>Header Files</Filter>
    </ClInclude>
    <ClInclude Include="time_zone.h">
      <Filter>Header Files</Filter>
    </ClInclude>
    <ClInclude Include="tiny_mt.h">
      <Filter>Header Files</Filter>
    </ClInclude>
    <ClInclude Include="tree.h">
      <Filter>Header Files</Filter>
    </ClInclude>
    <ClInclude Include="typed_address.h">
      <Filter>Header Files</Filter>
    </ClInclude>
    <ClInclude Include="unique_function.h">
      <Filter>Header Files</Filter>
    </ClInclude>
    <ClInclude Include="uuid.h">
      <Filter>Header Files</Filter>
    </ClInclude>
    <ClInclude Include="vector_math.h">
      <Filter>Header Files</Filter>
    </ClInclude>
    <ClInclude Include="virtual_buffer.h">
      <Filter>Header Files</Filter>
    </ClInclude>
    <ClInclude Include="wall_clock.h">
      <Filter>Header Files</Filter>
    </ClInclude>
    <ClInclude Include="yuzu_assert.h">
      <Filter>Header Files</Filter>
    </ClInclude>
    <ClInclude Include="algorithm.h">
      <Filter>Header Files</Filter>
    </ClInclude>
    <ClInclude Include="cityhash.h">
      <Filter>Header Files</Filter>
    </ClInclude>
    <ClInclude Include="lru_cache.h">
      <Filter>Header Files</Filter>
    </ClInclude>
    <ClInclude Include="multi_level_page_table.h">
      <Filter>Header Files</Filter>
    </ClInclude>
    <ClInclude Include="x64\xbyak_abi.h">
      <Filter>Header Files\x64</Filter>
    </ClInclude>
    <ClInclude Include="container_hash.h">
      <Filter>Header Files</Filter>
    </ClInclude>
    <ClInclude Include="range_map.h">
      <Filter>Header Files</Filter>
    </ClInclude>
    <ClInclude Include="range_sets.h">
      <Filter>Header Files</Filter>
    </ClInclude>
    <ClInclude Include="stream.h">
      <Filter>Header Files</Filter>
    </ClInclude>
    <ClInclude Include="x64\xbyak_util.h">
      <Filter>Header Files\x64</Filter>
    </ClInclude>
    <ClInclude Include="hash.h">
      <Filter>Header Files</Filter>
    </ClInclude>
    <ClInclude Include="slot_vector.h">
      <Filter>Header Files</Filter>
    </ClInclude>
    <ClInclude Include="lz4_compression.h">
      <Filter>Header Files</Filter>
    </ClInclude>
    <ClInclude Include="stb.h">
      <Filter>Header Files</Filter>
    </ClInclude>
    <ClInclude Include="announce_multiplayer_room.h">
      <Filter>Header Files</Filter>
    </ClInclude>
    <ClInclude Include="socket_types.h">
      <Filter>Header Files</Filter>
    </ClInclude>
    <ClInclude Include="zstd_compression.h">
      <Filter>Header Files</Filter>
    </ClInclude>
    <ClInclude Include="fence.h">
      <Filter>Header Files</Filter>
    </ClInclude>
    <ClInclude Include="nvdata.h">
      <Filter>Header Files</Filter>
    </ClInclude>
    <ClInclude Include="interface_pointer.h">
      <Filter>Header Files</Filter>
    </ClInclude>
    <ClInclude Include="interface_pointer_def.h">
      <Filter>Header Files</Filter>
    </ClInclude>
    <ClInclude Include="reader_writer_queue.h">
      <Filter>Header Files</Filter>
    </ClInclude>
    <ClInclude Include="atomic_helpers.h">
      <Filter>Header Files</Filter>
    </ClInclude>
    <ClInclude Include="ring_buffer.h">
      <Filter>Header Files</Filter>
    </ClInclude>
    <ClInclude Include="fixed_point.h">
      <Filter>Header Files</Filter>
    </ClInclude>
  </ItemGroup>
  <ItemGroup>
    <ClCompile Include="logging\backend.cpp">
      <Filter>Source Files\logging</Filter>
    </ClCompile>
    <ClCompile Include="logging\filter.cpp">
      <Filter>Source Files\logging</Filter>
    </ClCompile>
    <ClCompile Include="logging\text_formatter.cpp">
      <Filter>Source Files\logging</Filter>
    </ClCompile>
    <ClCompile Include="string_util.cpp">
      <Filter>Source Files</Filter>
    </ClCompile>
    <ClCompile Include="address_space.cpp">
      <Filter>Source Files</Filter>
    </ClCompile>
    <ClCompile Include="dynamic_library.cpp">
      <Filter>Source Files</Filter>
    </ClCompile>
    <ClCompile Include="error.cpp">
      <Filter>Source Files</Filter>
    </ClCompile>
    <ClCompile Include="fiber.cpp">
      <Filter>Source Files</Filter>
    </ClCompile>
    <ClCompile Include="heap_tracker.cpp">
      <Filter>Source Files</Filter>
    </ClCompile>
    <ClCompile Include="hex_util.cpp">
      <Filter>Source Files</Filter>
    </ClCompile>
    <ClCompile Include="microprofile.cpp">
      <Filter>Source Files</Filter>
    </ClCompile>
    <ClCompile Include="page_table.cpp">
      <Filter>Source Files</Filter>
    </ClCompile>
    <ClCompile Include="param_package.cpp">
      <Filter>Source Files</Filter>
    </ClCompile>
    <ClCompile Include="settings.cpp">
      <Filter>Source Files</Filter>
    </ClCompile>
    <ClCompile Include="settings_common.cpp">
      <Filter>Source Files</Filter>
    </ClCompile>
    <ClCompile Include="settings_input.cpp">
      <Filter>Source Files</Filter>
    </ClCompile>
    <ClCompile Include="spin_lock.cpp">
      <Filter>Source Files</Filter>
    </ClCompile>
    <ClCompile Include="steady_clock.cpp">
      <Filter>Source Files</Filter>
    </ClCompile>
    <ClCompile Include="thread.cpp">
      <Filter>Source Files</Filter>
    </ClCompile>
    <ClCompile Include="time_zone.cpp">
      <Filter>Source Files</Filter>
    </ClCompile>
    <ClCompile Include="uuid.cpp">
      <Filter>Source Files</Filter>
    </ClCompile>
    <ClCompile Include="virtual_buffer.cpp">
      <Filter>Source Files</Filter>
    </ClCompile>
    <ClCompile Include="wall_clock.cpp">
      <Filter>Source Files</Filter>
    </ClCompile>
    <ClCompile Include="fs\file.cpp">
      <Filter>Source Files\fs</Filter>
    </ClCompile>
    <ClCompile Include="fs\fs.cpp">
      <Filter>Source Files\fs</Filter>
    </ClCompile>
    <ClCompile Include="fs\fs_util.cpp">
      <Filter>Source Files\fs</Filter>
    </ClCompile>
    <ClCompile Include="fs\path_util.cpp">
      <Filter>Source Files\fs</Filter>
    </ClCompile>
    <ClCompile Include="windows\timer_resolution.cpp">
      <Filter>Source Files\windows</Filter>
    </ClCompile>
    <ClCompile Include="host_memory.cpp">
      <Filter>Source Files</Filter>
    </ClCompile>
    <ClCompile Include="yuzu_assert.cpp">
      <Filter>Source Files</Filter>
    </ClCompile>
    <ClCompile Include="cityhash.cpp">
      <Filter>Source Files</Filter>
    </ClCompile>
    <ClCompile Include="multi_level_page_table.cpp">
      <Filter>Source Files</Filter>
    </ClCompile>
    <ClCompile Include="stream.cpp">
      <Filter>Source Files</Filter>
    </ClCompile>
    <ClCompile Include="lz4_compression.cpp">
      <Filter>Source Files</Filter>
    </ClCompile>
    <ClCompile Include="stb.cpp">
      <Filter>Source Files</Filter>
    </ClCompile>
    <ClCompile Include="zstd_compression.cpp">
      <Filter>Source Files</Filter>
    </ClCompile>
  </ItemGroup>
</Project>