<?xml version="1.0" encoding="utf-8"?>
<Project ToolsVersion="4.0" xmlns="http://schemas.microsoft.com/developer/msbuild/2003">
  <ItemGroup>
    <Filter Include="Source Files">
      <UniqueIdentifier>{4FC737F1-C7A5-4376-A066-2A32D752A2FF}</UniqueIdentifier>
      <Extensions>cpp;c;cc;cxx;c++;cppm;ixx;def;odl;idl;hpj;bat;asm;asmx</Extensions>
    </Filter>
    <Filter Include="Header Files">
      <UniqueIdentifier>{93995380-89BD-4b04-88EB-625FBE52EBFB}</UniqueIdentifier>
      <Extensions>h;hh;hpp;hxx;h++;hm;inl;inc;ipp;xsd</Extensions>
    </Filter>
    <Filter Include="Resource Files">
      <UniqueIdentifier>{67DA6AB6-F800-4c08-8B7A-83BB121AAD01}</UniqueIdentifier>
      <Extensions>rc;ico;cur;bmp;dlg;rc2;rct;bin;rgs;gif;jpg;jpeg;jpe;resx;tiff;tif;png;wav;mfcribbon-ms</Extensions>
    </Filter>
    <Filter Include="Header Files\user_interface">
      <UniqueIdentifier>{0ff4acb3-7643-4644-a021-42702b31786a}</UniqueIdentifier>
    </Filter>
    <Filter Include="Source Files\user_interface">
      <UniqueIdentifier>{6dc22b58-fe6d-4140-8ee7-714fe7c5c60e}</UniqueIdentifier>
    </Filter>
    <Filter Include="Header Files\settings">
      <UniqueIdentifier>{fd346053-7bff-4ae1-8820-38e576a7116c}</UniqueIdentifier>
    </Filter>
    <Filter Include="Source Files\settings.cpp">
      <UniqueIdentifier>{3bf11314-5055-4185-95ae-653ebe2f8e8e}</UniqueIdentifier>
    </Filter>
    <Filter Include="Header Files\user_interface\settings">
      <UniqueIdentifier>{daf4daaf-7982-479b-bf50-5a630af46883}</UniqueIdentifier>
    </Filter>
    <Filter Include="Source Files\user_interface\settings">
      <UniqueIdentifier>{5e88d65d-0802-45fd-84d0-1edd8e3305fd}</UniqueIdentifier>
    </Filter>
  </ItemGroup>
  <ItemGroup>
    <ClCompile Include="main.cpp">
      <Filter>Source Files</Filter>
    </ClCompile>
    <ClCompile Include="settings\ui_settings.cpp">
      <Filter>Source Files\settings.cpp</Filter>
    </ClCompile>
    <ClCompile Include="user_interface\notification.cpp">
      <Filter>Source Files\user_interface</Filter>
    </ClCompile>
    <ClCompile Include="user_interface\sciter_main_window.cpp">
      <Filter>Source Files\user_interface</Filter>
    </ClCompile>
    <ClCompile Include="user_interface\settings\input_config.cpp">
      <Filter>Source Files\user_interface\settings</Filter>
    </ClCompile>
    <ClCompile Include="user_interface\settings\system_config.cpp">
      <Filter>Source Files\user_interface\settings</Filter>
    </ClCompile>
    <ClCompile Include="user_interface\settings\system_config_audio.cpp">
      <Filter>Source Files\user_interface\settings</Filter>
    </ClCompile>
    <ClCompile Include="user_interface\settings\system_config_graphics.cpp">
      <Filter>Source Files\user_interface\settings</Filter>
    </ClCompile>
    <ClCompile Include="user_interface\settings\config_setting .cpp">
      <Filter>Source Files\user_interface\settings</Filter>
    </ClCompile>
    <ClCompile Include="startup_checks.cpp">
      <Filter>Source Files</Filter>
    </ClCompile>
    <ClCompile Include="user_interface\settings\system_config_debug.cpp">
      <Filter>Source Files\user_interface\settings</Filter>
    </ClCompile>
    <ClCompile Include="user_interface\settings\system_config_game_browser.cpp">
      <Filter>Source Files\user_interface\settings</Filter>
    </ClCompile>
  </ItemGroup>
  <ItemGroup>
    <ClInclude Include="user_interface\resource.h">
      <Filter>Header Files\user_interface</Filter>
    </ClInclude>
    <ClInclude Include="settings\ui_settings.h">
      <Filter>Header Files\settings</Filter>
    </ClInclude>
    <ClInclude Include="user_interface\notification.h">
      <Filter>Header Files\user_interface</Filter>
    </ClInclude>
    <ClInclude Include="user_interface\sciter_main_window.h">
      <Filter>Header Files\user_interface</Filter>
    </ClInclude>
    <ClInclude Include="user_interface\settings\input_config.h">
      <Filter>Header Files\user_interface\settings</Filter>
    </ClInclude>
    <ClInclude Include="user_interface\settings\system_config.h">
      <Filter>Header Files\user_interface\settings</Filter>
    </ClInclude>
    <ClInclude Include="user_interface\settings\system_config_audio.h">
      <Filter>Header Files\user_interface\settings</Filter>
    </ClInclude>
    <ClInclude Include="settings\ui_settings_identifiers.h">
      <Filter>Header Files\user_interface\settings</Filter>
    </ClInclude>
    <ClInclude Include="user_interface\settings\system_config_graphics.h">
      <Filter>Header Files\user_interface\settings</Filter>
    </ClInclude>
    <ClInclude Include="user_interface\settings\config_setting.h">
      <Filter>Header Files\user_interface\settings</Filter>
    </ClInclude>
    <ClInclude Include="startup_checks.h">
      <Filter>Header Files</Filter>
    </ClInclude>
    <ClInclude Include="user_interface\settings\system_config_debug.h">
      <Filter>Header Files\user_interface\settings</Filter>
    </ClInclude>
    <ClInclude Include="user_interface\settings\system_config_game_browser.h">
      <Filter>Header Files\user_interface\settings</Filter>
    </ClInclude>
  </ItemGroup>
  <ItemGroup>
    <ResourceCompile Include="user_interface\nxemu.rc">
      <Filter>Resource Files</Filter>
    </ResourceCompile>
  </ItemGroup>
  <ItemGroup>
    <Image Include="icons\nxemu.ico">
      <Filter>Resource Files</Filter>
    </Image>
    <Image Include="user_interface\icons\nxemu.ico">
      <Filter>Resource Files</Filter>
    </Image>
  </ItemGroup>
</Project>