<?xml version="1.0" encoding="utf-8"?>
<Project ToolsVersion="4.0" xmlns="http://schemas.microsoft.com/developer/msbuild/2003">
  <ItemGroup>
    <Filter Include="Source Files">
      <UniqueIdentifier>{4FC737F1-C7A5-4376-A066-2A32D752A2FF}</UniqueIdentifier>
      <Extensions>cpp;c;cc;cxx;c++;cppm;ixx;def;odl;idl;hpj;bat;asm;asmx</Extensions>
    </Filter>
    <Filter Include="Header Files">
      <UniqueIdentifier>{93995380-89BD-4b04-88EB-625FBE52EBFB}</UniqueIdentifier>
      <Extensions>h;hh;hpp;hxx;h++;hm;inl;inc;ipp;xsd</Extensions>
    </Filter>
    <Filter Include="Resource Files">
      <UniqueIdentifier>{67DA6AB6-F800-4c08-8B7A-83BB121AAD01}</UniqueIdentifier>
      <Extensions>rc;ico;cur;bmp;dlg;rc2;rct;bin;rgs;gif;jpg;jpeg;jpe;resx;tiff;tif;png;wav;mfcribbon-ms</Extensions>
    </Filter>
    <Filter Include="Plugin Spec">
      <UniqueIdentifier>{6fe1b415-8781-4421-9dfe-d48957319e49}</UniqueIdentifier>
    </Filter>
    <Filter Include="Header Files\backend">
      <UniqueIdentifier>{c88dfe24-2d70-47de-a7b5-2c6a2e0cace5}</UniqueIdentifier>
    </Filter>
    <Filter Include="Header Files\backend\x64">
      <UniqueIdentifier>{4b8a631a-24ce-4963-aa84-a7e67d1ef227}</UniqueIdentifier>
    </Filter>
    <Filter Include="Header Files\interface">
      <UniqueIdentifier>{977f2883-ae10-4774-9854-1e19465d5b5c}</UniqueIdentifier>
    </Filter>
    <Filter Include="Header Files\interface\A64">
      <UniqueIdentifier>{92ef4596-d0aa-4a7c-a010-bc788dceceed}</UniqueIdentifier>
    </Filter>
    <Filter Include="Header Files\backend\arm64">
      <UniqueIdentifier>{00f75cc0-5e43-4c9d-842a-b43865698947}</UniqueIdentifier>
    </Filter>
    <Filter Include="Header Files\common">
      <UniqueIdentifier>{6b94035a-c04d-4885-ba9d-db6a9782926d}</UniqueIdentifier>
    </Filter>
    <Filter Include="Header Files\common\crypto">
      <UniqueIdentifier>{413de2b6-6bb7-4f97-866b-6b3f2d85b6d7}</UniqueIdentifier>
    </Filter>
    <Filter Include="Header Files\common\fp">
      <UniqueIdentifier>{48f30bc7-3e27-4783-8cfe-ce35dd58127a}</UniqueIdentifier>
    </Filter>
    <Filter Include="Header Files\common\fp\op">
      <UniqueIdentifier>{eb5deac5-dc82-49c8-8aef-bea30d9d10b4}</UniqueIdentifier>
    </Filter>
    <Filter Include="Header Files\frontend">
      <UniqueIdentifier>{cafc2941-2502-436c-8f43-9f66753dfe0f}</UniqueIdentifier>
    </Filter>
    <Filter Include="Header Files\frontend\A32">
      <UniqueIdentifier>{9ae49ef6-f5e7-4587-9e5c-337185fa6fd8}</UniqueIdentifier>
    </Filter>
    <Filter Include="Header Files\frontend\A32\decoder">
      <UniqueIdentifier>{52ed0f4b-0a53-406c-997f-2cffbf437b0a}</UniqueIdentifier>
    </Filter>
    <Filter Include="Header Files\frontend\A32\translate">
      <UniqueIdentifier>{6b1f2272-e81c-47ef-b98e-9ffbbf409f1a}</UniqueIdentifier>
    </Filter>
    <Filter Include="Header Files\frontend\A64">
      <UniqueIdentifier>{516ad251-3d13-48ec-ae4c-5f8e01eff255}</UniqueIdentifier>
    </Filter>
    <Filter Include="Header Files\frontend\A64\decoder">
      <UniqueIdentifier>{90bbb1e3-f28b-475e-b842-647f0fa5c2d1}</UniqueIdentifier>
    </Filter>
    <Filter Include="Header Files\frontend\A64\translate">
      <UniqueIdentifier>{6d828a1a-63c8-4407-a779-72cc58b82095}</UniqueIdentifier>
    </Filter>
    <Filter Include="Header Files\frontend\A64\translate\impl">
      <UniqueIdentifier>{b34354f2-f201-4400-80df-10731b447c56}</UniqueIdentifier>
    </Filter>
    <Filter Include="Header Files\frontend\decoder">
      <UniqueIdentifier>{9ce1f9ad-463e-40ec-a145-f4a49608f544}</UniqueIdentifier>
    </Filter>
    <Filter Include="Header Files\interface\A32">
      <UniqueIdentifier>{ad3fec48-f4b5-4381-b05f-e3f54e610bd1}</UniqueIdentifier>
    </Filter>
    <Filter Include="Header Files\ir">
      <UniqueIdentifier>{0cff058d-98b1-4db6-bebc-dadbd4f35b61}</UniqueIdentifier>
    </Filter>
    <Filter Include="Header Files\ir\opt">
      <UniqueIdentifier>{e41648d6-3929-41ff-8451-ce9822a22314}</UniqueIdentifier>
    </Filter>
    <Filter Include="Source Files\dynarmic">
      <UniqueIdentifier>{ec436750-23bf-4a7e-9346-4591e66488af}</UniqueIdentifier>
    </Filter>
    <Filter Include="Source Files\dynarmic\backend">
      <UniqueIdentifier>{c58f04b2-b28e-45eb-a14b-b20e5c9ec21e}</UniqueIdentifier>
    </Filter>
    <Filter Include="Source Files\dynarmic\backend\x64">
      <UniqueIdentifier>{8bc227c2-8dda-4c11-ab16-e51a483c744f}</UniqueIdentifier>
    </Filter>
    <Filter Include="Source Files\common">
      <UniqueIdentifier>{590b91e7-d597-4144-8f90-34899a731f18}</UniqueIdentifier>
    </Filter>
    <Filter Include="Source Files\common\crypto">
      <UniqueIdentifier>{b7462fcf-5894-4ab2-a2c2-a284b0bb4659}</UniqueIdentifier>
    </Filter>
    <Filter Include="Source Files\common\fp">
      <UniqueIdentifier>{01b8c635-e1d3-4700-9b8f-ccf67aabc1d9}</UniqueIdentifier>
    </Filter>
    <Filter Include="Source Files\common\fp\op">
      <UniqueIdentifier>{de907679-0e9f-4797-b19b-4d1d5599d3a1}</UniqueIdentifier>
    </Filter>
    <Filter Include="Source Files\frontend">
      <UniqueIdentifier>{f21f9727-c7f5-4f42-b5c8-3ea9db64a403}</UniqueIdentifier>
    </Filter>
    <Filter Include="Source Files\frontend\A32">
      <UniqueIdentifier>{3172edaa-db89-4774-bd79-57f957c02631}</UniqueIdentifier>
    </Filter>
    <Filter Include="Source Files\frontend\A32\translate">
      <UniqueIdentifier>{ca01dfd5-4930-427d-a511-eea5d21e2065}</UniqueIdentifier>
    </Filter>
    <Filter Include="Source Files\frontend\A32\translate\impl">
      <UniqueIdentifier>{95c8b57d-a9de-4c18-8232-43ed586e652a}</UniqueIdentifier>
    </Filter>
    <Filter Include="Source Files\frontend\A64">
      <UniqueIdentifier>{aa0ac488-1996-44bb-9d37-fa751c58aa85}</UniqueIdentifier>
    </Filter>
    <Filter Include="Source Files\frontend\A64\translate">
      <UniqueIdentifier>{adba25c9-791e-4946-b426-1e8b1b519150}</UniqueIdentifier>
    </Filter>
    <Filter Include="ir">
      <UniqueIdentifier>{c62d15c2-1f39-432c-86a0-bc174b6c205e}</UniqueIdentifier>
    </Filter>
    <Filter Include="ir\opt">
      <UniqueIdentifier>{6398325c-1e07-4096-9bad-96f8ff57185d}</UniqueIdentifier>
    </Filter>
  </ItemGroup>
  <ItemGroup>
    <ClInclude Include="..\nxemu-plugin-spec\Base.h">
      <Filter>Plugin Spec</Filter>
    </ClInclude>
    <ClInclude Include="..\nxemu-plugin-spec\Cpu.h">
      <Filter>Plugin Spec</Filter>
    </ClInclude>
    <ClInclude Include="arm_dynarmic_64.h">
      <Filter>Header Files</Filter>
    </ClInclude>
    <ClInclude Include="interface\A64\a64.h">
      <Filter>Header Files\interface\A64</Filter>
    </ClInclude>
    <ClInclude Include="interface\A64\config.h">
      <Filter>Header Files\interface\A64</Filter>
    </ClInclude>
    <ClInclude Include="interface\halt_reason.h">
      <Filter>Header Files\interface</Filter>
    </ClInclude>
    <ClInclude Include="interface\optimization_flags.h">
      <Filter>Header Files\interface</Filter>
    </ClInclude>
    <ClInclude Include="backend\block_range_information.h">
      <Filter>Header Files\backend</Filter>
    </ClInclude>
    <ClInclude Include="backend\exception_handler.h">
      <Filter>Header Files\backend</Filter>
    </ClInclude>
    <ClInclude Include="backend\arm64\a32_jitstate.h">
      <Filter>Header Files\backend\arm64</Filter>
    </ClInclude>
    <ClInclude Include="backend\arm64\a64_address_space.h">
      <Filter>Header Files\backend\arm64</Filter>
    </ClInclude>
    <ClInclude Include="backend\arm64\a64_core.h">
      <Filter>Header Files\backend\arm64</Filter>
    </ClInclude>
    <ClInclude Include="backend\arm64\a64_jitstate.h">
      <Filter>Header Files\backend\arm64</Filter>
    </ClInclude>
    <ClInclude Include="backend\arm64\abi.h">
      <Filter>Header Files\backend\arm64</Filter>
    </ClInclude>
    <ClInclude Include="backend\arm64\address_space.h">
      <Filter>Header Files\backend\arm64</Filter>
    </ClInclude>
    <ClInclude Include="backend\arm64\devirtualize.h">
      <Filter>Header Files\backend\arm64</Filter>
    </ClInclude>
    <ClInclude Include="backend\arm64\emit_arm64.h">
      <Filter>Header Files\backend\arm64</Filter>
    </ClInclude>
    <ClInclude Include="backend\arm64\emit_context.h">
      <Filter>Header Files\backend\arm64</Filter>
    </ClInclude>
    <ClInclude Include="backend\arm64\fastmem.h">
      <Filter>Header Files\backend\arm64</Filter>
    </ClInclude>
    <ClInclude Include="backend\arm64\fpsr_manager.h">
      <Filter>Header Files\backend\arm64</Filter>
    </ClInclude>
    <ClInclude Include="backend\arm64\reg_alloc.h">
      <Filter>Header Files\backend\arm64</Filter>
    </ClInclude>
    <ClInclude Include="backend\arm64\stack_layout.h">
      <Filter>Header Files\backend\arm64</Filter>
    </ClInclude>
    <ClInclude Include="backend\arm64\verbose_debugging_output.h">
      <Filter>Header Files\backend\arm64</Filter>
    </ClInclude>
    <ClInclude Include="backend\x64\a32_emit_x64.h">
      <Filter>Header Files\backend\x64</Filter>
    </ClInclude>
    <ClInclude Include="backend\x64\a32_jitstate.h">
      <Filter>Header Files\backend\x64</Filter>
    </ClInclude>
    <ClInclude Include="backend\x64\a64_emit_x64.h">
      <Filter>Header Files\backend\x64</Filter>
    </ClInclude>
    <ClInclude Include="backend\x64\a64_jitstate.h">
      <Filter>Header Files\backend\x64</Filter>
    </ClInclude>
    <ClInclude Include="backend\x64\abi.h">
      <Filter>Header Files\backend\x64</Filter>
    </ClInclude>
    <ClInclude Include="backend\x64\block_of_code.h">
      <Filter>Header Files\backend\x64</Filter>
    </ClInclude>
    <ClInclude Include="backend\x64\callback.h">
      <Filter>Header Files\backend\x64</Filter>
    </ClInclude>
    <ClInclude Include="backend\x64\constant_pool.h">
      <Filter>Header Files\backend\x64</Filter>
    </ClInclude>
    <ClInclude Include="backend\x64\constants.h">
      <Filter>Header Files\backend\x64</Filter>
    </ClInclude>
    <ClInclude Include="backend\x64\devirtualize.h">
      <Filter>Header Files\backend\x64</Filter>
    </ClInclude>
    <ClInclude Include="backend\x64\emit_x64.h">
      <Filter>Header Files\backend\x64</Filter>
    </ClInclude>
    <ClInclude Include="backend\x64\emit_x64_memory.h">
      <Filter>Header Files\backend\x64</Filter>
    </ClInclude>
    <ClInclude Include="backend\x64\exclusive_monitor_friend.h">
      <Filter>Header Files\backend\x64</Filter>
    </ClInclude>
    <ClInclude Include="backend\x64\host_feature.h">
      <Filter>Header Files\backend\x64</Filter>
    </ClInclude>
    <ClInclude Include="backend\x64\hostloc.h">
      <Filter>Header Files\backend\x64</Filter>
    </ClInclude>
    <ClInclude Include="backend\x64\jitstate_info.h">
      <Filter>Header Files\backend\x64</Filter>
    </ClInclude>
    <ClInclude Include="backend\x64\nzcv_util.h">
      <Filter>Header Files\backend\x64</Filter>
    </ClInclude>
    <ClInclude Include="backend\x64\oparg.h">
      <Filter>Header Files\backend\x64</Filter>
    </ClInclude>
    <ClInclude Include="backend\x64\perf_map.h">
      <Filter>Header Files\backend\x64</Filter>
    </ClInclude>
    <ClInclude Include="backend\x64\reg_alloc.h">
      <Filter>Header Files\backend\x64</Filter>
    </ClInclude>
    <ClInclude Include="backend\x64\stack_layout.h">
      <Filter>Header Files\backend\x64</Filter>
    </ClInclude>
    <ClInclude Include="backend\x64\verbose_debugging_output.h">
      <Filter>Header Files\backend\x64</Filter>
    </ClInclude>
    <ClInclude Include="common\always_false.h">
      <Filter>Header Files\common</Filter>
    </ClInclude>
    <ClInclude Include="common\atomic.h">
      <Filter>Header Files\common</Filter>
    </ClInclude>
    <ClInclude Include="common\cast_util.h">
      <Filter>Header Files\common</Filter>
    </ClInclude>
    <ClInclude Include="common\lut_from_list.h">
      <Filter>Header Files\common</Filter>
    </ClInclude>
    <ClInclude Include="common\math_util.h">
      <Filter>Header Files\common</Filter>
    </ClInclude>
    <ClInclude Include="common\memory_pool.h">
      <Filter>Header Files\common</Filter>
    </ClInclude>
    <ClInclude Include="common\safe_ops.h">
      <Filter>Header Files\common</Filter>
    </ClInclude>
    <ClInclude Include="common\spin_lock.h">
      <Filter>Header Files\common</Filter>
    </ClInclude>
    <ClInclude Include="common\spin_lock_x64.h">
      <Filter>Header Files\common</Filter>
    </ClInclude>
    <ClInclude Include="common\u128.h">
      <Filter>Header Files\common</Filter>
    </ClInclude>
    <ClInclude Include="common\variant_util.h">
      <Filter>Header Files\common</Filter>
    </ClInclude>
    <ClInclude Include="common\x64_disassemble.h">
      <Filter>Header Files\common</Filter>
    </ClInclude>
    <ClInclude Include="common\crypto\aes.h">
      <Filter>Header Files\common\crypto</Filter>
    </ClInclude>
    <ClInclude Include="common\crypto\crc32.h">
      <Filter>Header Files\common\crypto</Filter>
    </ClInclude>
    <ClInclude Include="common\crypto\sm4.h">
      <Filter>Header Files\common\crypto</Filter>
    </ClInclude>
    <ClInclude Include="common\fp\fpcr.h">
      <Filter>Header Files\common\fp</Filter>
    </ClInclude>
    <ClInclude Include="common\fp\fpsr.h">
      <Filter>Header Files\common\fp</Filter>
    </ClInclude>
    <ClInclude Include="common\fp\fused.h">
      <Filter>Header Files\common\fp</Filter>
    </ClInclude>
    <ClInclude Include="common\fp\info.h">
      <Filter>Header Files\common\fp</Filter>
    </ClInclude>
    <ClInclude Include="common\fp\mantissa_util.h">
      <Filter>Header Files\common\fp</Filter>
    </ClInclude>
    <ClInclude Include="common\fp\op.h">
      <Filter>Header Files\common\fp</Filter>
    </ClInclude>
    <ClInclude Include="common\fp\process_exception.h">
      <Filter>Header Files\common\fp</Filter>
    </ClInclude>
    <ClInclude Include="common\fp\process_nan.h">
      <Filter>Header Files\common\fp</Filter>
    </ClInclude>
    <ClInclude Include="common\fp\rounding_mode.h">
      <Filter>Header Files\common\fp</Filter>
    </ClInclude>
    <ClInclude Include="common\fp\unpacked.h">
      <Filter>Header Files\common\fp</Filter>
    </ClInclude>
    <ClInclude Include="common\fp\util.h">
      <Filter>Header Files\common\fp</Filter>
    </ClInclude>
    <ClInclude Include="common\fp\op\FPCompare.h">
      <Filter>Header Files\common\fp\op</Filter>
    </ClInclude>
    <ClInclude Include="common\fp\op\FPConvert.h">
      <Filter>Header Files\common\fp\op</Filter>
    </ClInclude>
    <ClInclude Include="common\fp\op\FPMulAdd.h">
      <Filter>Header Files\common\fp\op</Filter>
    </ClInclude>
    <ClInclude Include="common\fp\op\FPNeg.h">
      <Filter>Header Files\common\fp\op</Filter>
    </ClInclude>
    <ClInclude Include="common\fp\op\FPRecipEstimate.h">
      <Filter>Header Files\common\fp\op</Filter>
    </ClInclude>
    <ClInclude Include="common\fp\op\FPRecipExponent.h">
      <Filter>Header Files\common\fp\op</Filter>
    </ClInclude>
    <ClInclude Include="common\fp\op\FPRecipStepFused.h">
      <Filter>Header Files\common\fp\op</Filter>
    </ClInclude>
    <ClInclude Include="common\fp\op\FPRoundInt.h">
      <Filter>Header Files\common\fp\op</Filter>
    </ClInclude>
    <ClInclude Include="common\fp\op\FPRSqrtEstimate.h">
      <Filter>Header Files\common\fp\op</Filter>
    </ClInclude>
    <ClInclude Include="common\fp\op\FPRSqrtStepFused.h">
      <Filter>Header Files\common\fp\op</Filter>
    </ClInclude>
    <ClInclude Include="common\fp\op\FPToFixed.h">
      <Filter>Header Files\common\fp\op</Filter>
    </ClInclude>
    <ClInclude Include="frontend\imm.h">
      <Filter>Header Files\frontend</Filter>
    </ClInclude>
    <ClInclude Include="frontend\A32\a32_ir_emitter.h">
      <Filter>Header Files\frontend\A32</Filter>
    </ClInclude>
    <ClInclude Include="frontend\A32\a32_location_descriptor.h">
      <Filter>Header Files\frontend\A32</Filter>
    </ClInclude>
    <ClInclude Include="frontend\A32\a32_types.h">
      <Filter>Header Files\frontend\A32</Filter>
    </ClInclude>
    <ClInclude Include="frontend\A32\FPSCR.h">
      <Filter>Header Files\frontend\A32</Filter>
    </ClInclude>
    <ClInclude Include="frontend\A32\ITState.h">
      <Filter>Header Files\frontend\A32</Filter>
    </ClInclude>
    <ClInclude Include="frontend\A32\PSR.h">
      <Filter>Header Files\frontend\A32</Filter>
    </ClInclude>
    <ClInclude Include="frontend\A32\decoder\arm.h">
      <Filter>Header Files\frontend\A32\decoder</Filter>
    </ClInclude>
    <ClInclude Include="frontend\A32\decoder\asimd.h">
      <Filter>Header Files\frontend\A32\decoder</Filter>
    </ClInclude>
    <ClInclude Include="frontend\A32\decoder\thumb16.h">
      <Filter>Header Files\frontend\A32\decoder</Filter>
    </ClInclude>
    <ClInclude Include="frontend\A32\decoder\thumb32.h">
      <Filter>Header Files\frontend\A32\decoder</Filter>
    </ClInclude>
    <ClInclude Include="frontend\A32\decoder\vfp.h">
      <Filter>Header Files\frontend\A32\decoder</Filter>
    </ClInclude>
    <ClInclude Include="frontend\A32\translate\a32_translate.h">
      <Filter>Header Files\frontend\A32\translate</Filter>
    </ClInclude>
    <ClInclude Include="frontend\A32\translate\conditional_state.h">
      <Filter>Header Files\frontend\A32\translate</Filter>
    </ClInclude>
    <ClInclude Include="frontend\A32\translate\translate_callbacks.h">
      <Filter>Header Files\frontend\A32\translate</Filter>
    </ClInclude>
    <ClInclude Include="frontend\A64\a64_ir_emitter.h">
      <Filter>Header Files\frontend\A64</Filter>
    </ClInclude>
    <ClInclude Include="frontend\A64\a64_location_descriptor.h">
      <Filter>Header Files\frontend\A64</Filter>
    </ClInclude>
    <ClInclude Include="frontend\A64\a64_types.h">
      <Filter>Header Files\frontend\A64</Filter>
    </ClInclude>
    <ClInclude Include="frontend\A64\decoder\a64.h">
      <Filter>Header Files\frontend\A64\decoder</Filter>
    </ClInclude>
    <ClInclude Include="frontend\A64\translate\a64_translate.h">
      <Filter>Header Files\frontend\A64\translate</Filter>
    </ClInclude>
    <ClInclude Include="frontend\A64\translate\impl\impl.h">
      <Filter>Header Files\frontend\A64\translate\impl</Filter>
    </ClInclude>
    <ClInclude Include="frontend\decoder\decoder_detail.h">
      <Filter>Header Files\frontend\decoder</Filter>
    </ClInclude>
    <ClInclude Include="frontend\decoder\matcher.h">
      <Filter>Header Files\frontend\decoder</Filter>
    </ClInclude>
    <ClInclude Include="interface\exclusive_monitor.h">
      <Filter>Header Files\interface</Filter>
    </ClInclude>
    <ClInclude Include="interface\A32\a32.h">
      <Filter>Header Files\interface\A32</Filter>
    </ClInclude>
    <ClInclude Include="interface\A32\arch_version.h">
      <Filter>Header Files\interface\A32</Filter>
    </ClInclude>
    <ClInclude Include="interface\A32\config.h">
      <Filter>Header Files\interface\A32</Filter>
    </ClInclude>
    <ClInclude Include="interface\A32\coprocessor.h">
      <Filter>Header Files\interface\A32</Filter>
    </ClInclude>
    <ClInclude Include="interface\A32\coprocessor_util.h">
      <Filter>Header Files\interface\A32</Filter>
    </ClInclude>
    <ClInclude Include="ir\acc_type.h">
      <Filter>Header Files\ir</Filter>
    </ClInclude>
    <ClInclude Include="ir\basic_block.h">
      <Filter>Header Files\ir</Filter>
    </ClInclude>
    <ClInclude Include="ir\cond.h">
      <Filter>Header Files\ir</Filter>
    </ClInclude>
    <ClInclude Include="ir\ir_emitter.h">
      <Filter>Header Files\ir</Filter>
    </ClInclude>
    <ClInclude Include="ir\location_descriptor.h">
      <Filter>Header Files\ir</Filter>
    </ClInclude>
    <ClInclude Include="ir\microinstruction.h">
      <Filter>Header Files\ir</Filter>
    </ClInclude>
    <ClInclude Include="ir\opcodes.h">
      <Filter>Header Files\ir</Filter>
    </ClInclude>
    <ClInclude Include="ir\terminal.h">
      <Filter>Header Files\ir</Filter>
    </ClInclude>
    <ClInclude Include="ir\type.h">
      <Filter>Header Files\ir</Filter>
    </ClInclude>
    <ClInclude Include="ir\value.h">
      <Filter>Header Files\ir</Filter>
    </ClInclude>
    <ClInclude Include="ir\opt\passes.h">
      <Filter>Header Files\ir\opt</Filter>
    </ClInclude>
    <ClInclude Include="version.h">
      <Filter>Header Files</Filter>
    </ClInclude>
    <ClInclude Include="exclusive_monitor_interface.h">
      <Filter>Header Files</Filter>
    </ClInclude>
    <ClInclude Include="arm_dynarmic.h">
      <Filter>Header Files</Filter>
    </ClInclude>
    <ClInclude Include="cpu_manager.h">
      <Filter>Header Files</Filter>
    </ClInclude>
    <ClInclude Include="arm_dynarmic_32.h">
      <Filter>Header Files</Filter>
    </ClInclude>
    <ClInclude Include="dynarmic_cp15.h">
      <Filter>Header Files</Filter>
    </ClInclude>
  </ItemGroup>
  <ItemGroup>
    <ClCompile Include="arm_dynarmic_64.cpp">
      <Filter>Source Files</Filter>
    </ClCompile>
    <ClCompile Include="nxemu-cpu.cpp">
      <Filter>Source Files</Filter>
    </ClCompile>
    <ClCompile Include="dynarmic\backend\block_range_information.cpp">
      <Filter>Source Files\dynarmic\backend</Filter>
    </ClCompile>
    <ClCompile Include="dynarmic\backend\x64\a32_emit_x64.cpp">
      <Filter>Source Files\dynarmic\backend\x64</Filter>
    </ClCompile>
    <ClCompile Include="dynarmic\backend\x64\a32_emit_x64_memory.cpp">
      <Filter>Source Files\dynarmic\backend\x64</Filter>
    </ClCompile>
    <ClCompile Include="dynarmic\backend\x64\a32_interface.cpp">
      <Filter>Source Files\dynarmic\backend\x64</Filter>
    </ClCompile>
    <ClCompile Include="dynarmic\backend\x64\a32_jitstate.cpp">
      <Filter>Source Files\dynarmic\backend\x64</Filter>
    </ClCompile>
    <ClCompile Include="dynarmic\backend\x64\a64_emit_x64.cpp">
      <Filter>Source Files\dynarmic\backend\x64</Filter>
    </ClCompile>
    <ClCompile Include="dynarmic\backend\x64\a64_emit_x64_memory.cpp">
      <Filter>Source Files\dynarmic\backend\x64</Filter>
    </ClCompile>
    <ClCompile Include="dynarmic\backend\x64\a64_interface.cpp">
      <Filter>Source Files\dynarmic\backend\x64</Filter>
    </ClCompile>
    <ClCompile Include="dynarmic\backend\x64\a64_jitstate.cpp">
      <Filter>Source Files\dynarmic\backend\x64</Filter>
    </ClCompile>
    <ClCompile Include="dynarmic\backend\x64\abi.cpp">
      <Filter>Source Files\dynarmic\backend\x64</Filter>
    </ClCompile>
    <ClCompile Include="dynarmic\backend\x64\block_of_code.cpp">
      <Filter>Source Files\dynarmic\backend\x64</Filter>
    </ClCompile>
    <ClCompile Include="dynarmic\backend\x64\callback.cpp">
      <Filter>Source Files\dynarmic\backend\x64</Filter>
    </ClCompile>
    <ClCompile Include="dynarmic\backend\x64\constant_pool.cpp">
      <Filter>Source Files\dynarmic\backend\x64</Filter>
    </ClCompile>
    <ClCompile Include="dynarmic\backend\x64\emit_x64.cpp">
      <Filter>Source Files\dynarmic\backend\x64</Filter>
    </ClCompile>
    <ClCompile Include="dynarmic\backend\x64\emit_x64_aes.cpp">
      <Filter>Source Files\dynarmic\backend\x64</Filter>
    </ClCompile>
    <ClCompile Include="dynarmic\backend\x64\emit_x64_crc32.cpp">
      <Filter>Source Files\dynarmic\backend\x64</Filter>
    </ClCompile>
    <ClCompile Include="dynarmic\backend\x64\emit_x64_data_processing.cpp">
      <Filter>Source Files\dynarmic\backend\x64</Filter>
    </ClCompile>
    <ClCompile Include="dynarmic\backend\x64\emit_x64_floating_point.cpp">
      <Filter>Source Files\dynarmic\backend\x64</Filter>
    </ClCompile>
    <ClCompile Include="dynarmic\backend\x64\emit_x64_packed.cpp">
      <Filter>Source Files\dynarmic\backend\x64</Filter>
    </ClCompile>
    <ClCompile Include="dynarmic\backend\x64\emit_x64_saturation.cpp">
      <Filter>Source Files\dynarmic\backend\x64</Filter>
    </ClCompile>
    <ClCompile Include="dynarmic\backend\x64\emit_x64_sha.cpp">
      <Filter>Source Files\dynarmic\backend\x64</Filter>
    </ClCompile>
    <ClCompile Include="dynarmic\backend\x64\emit_x64_sm4.cpp">
      <Filter>Source Files\dynarmic\backend\x64</Filter>
    </ClCompile>
    <ClCompile Include="dynarmic\backend\x64\emit_x64_vector.cpp">
      <Filter>Source Files\dynarmic\backend\x64</Filter>
    </ClCompile>
    <ClCompile Include="dynarmic\backend\x64\emit_x64_vector_floating_point.cpp">
      <Filter>Source Files\dynarmic\backend\x64</Filter>
    </ClCompile>
    <ClCompile Include="dynarmic\backend\x64\emit_x64_vector_saturation.cpp">
      <Filter>Source Files\dynarmic\backend\x64</Filter>
    </ClCompile>
    <ClCompile Include="dynarmic\backend\x64\exception_handler_windows_x64.cpp">
      <Filter>Source Files\dynarmic\backend\x64</Filter>
    </ClCompile>
    <ClCompile Include="dynarmic\backend\x64\exclusive_monitor.cpp">
      <Filter>Source Files\dynarmic\backend\x64</Filter>
    </ClCompile>
    <ClCompile Include="dynarmic\backend\x64\hostloc.cpp">
      <Filter>Source Files\dynarmic\backend\x64</Filter>
    </ClCompile>
    <ClCompile Include="dynarmic\backend\x64\perf_map.cpp">
      <Filter>Source Files\dynarmic\backend\x64</Filter>
    </ClCompile>
    <ClCompile Include="dynarmic\backend\x64\reg_alloc.cpp">
      <Filter>Source Files\dynarmic\backend\x64</Filter>
    </ClCompile>
    <ClCompile Include="dynarmic\backend\x64\verbose_debugging_output.cpp">
      <Filter>Source Files\dynarmic\backend\x64</Filter>
    </ClCompile>
    <ClCompile Include="dynarmic\common\math_util.cpp">
      <Filter>Source Files\common</Filter>
    </ClCompile>
    <ClCompile Include="dynarmic\common\memory_pool.cpp">
      <Filter>Source Files\common</Filter>
    </ClCompile>
    <ClCompile Include="dynarmic\common\spin_lock_x64.cpp">
      <Filter>Source Files\common</Filter>
    </ClCompile>
    <ClCompile Include="dynarmic\common\u128.cpp">
      <Filter>Source Files\common</Filter>
    </ClCompile>
    <ClCompile Include="dynarmic\common\x64_disassemble.cpp">
      <Filter>Source Files\common</Filter>
    </ClCompile>
    <ClCompile Include="dynarmic\common\crypto\aes.cpp">
      <Filter>Source Files\common\crypto</Filter>
    </ClCompile>
    <ClCompile Include="dynarmic\common\crypto\crc32.cpp">
      <Filter>Source Files\common\crypto</Filter>
    </ClCompile>
    <ClCompile Include="dynarmic\common\crypto\sm4.cpp">
      <Filter>Source Files\common\crypto</Filter>
    </ClCompile>
    <ClCompile Include="dynarmic\common\fp\fused.cpp">
      <Filter>Source Files\common\fp</Filter>
    </ClCompile>
    <ClCompile Include="dynarmic\common\fp\process_exception.cpp">
      <Filter>Source Files\common\fp</Filter>
    </ClCompile>
    <ClCompile Include="dynarmic\common\fp\process_nan.cpp">
      <Filter>Source Files\common\fp</Filter>
    </ClCompile>
    <ClCompile Include="dynarmic\common\fp\unpacked.cpp">
      <Filter>Source Files\common\fp</Filter>
    </ClCompile>
    <ClCompile Include="dynarmic\common\fp\op\FPCompare.cpp">
      <Filter>Source Files\common\fp\op</Filter>
    </ClCompile>
    <ClCompile Include="dynarmic\common\fp\op\FPConvert.cpp">
      <Filter>Source Files\common\fp\op</Filter>
    </ClCompile>
    <ClCompile Include="dynarmic\common\fp\op\FPMulAdd.cpp">
      <Filter>Source Files\common\fp\op</Filter>
    </ClCompile>
    <ClCompile Include="dynarmic\common\fp\op\FPRecipEstimate.cpp">
      <Filter>Source Files\common\fp\op</Filter>
    </ClCompile>
    <ClCompile Include="dynarmic\common\fp\op\FPRecipExponent.cpp">
      <Filter>Source Files\common\fp\op</Filter>
    </ClCompile>
    <ClCompile Include="dynarmic\common\fp\op\FPRecipStepFused.cpp">
      <Filter>Source Files\common\fp\op</Filter>
    </ClCompile>
    <ClCompile Include="dynarmic\common\fp\op\FPRoundInt.cpp">
      <Filter>Source Files\common\fp\op</Filter>
    </ClCompile>
    <ClCompile Include="dynarmic\common\fp\op\FPRSqrtEstimate.cpp">
      <Filter>Source Files\common\fp\op</Filter>
    </ClCompile>
    <ClCompile Include="dynarmic\common\fp\op\FPRSqrtStepFused.cpp">
      <Filter>Source Files\common\fp\op</Filter>
    </ClCompile>
    <ClCompile Include="dynarmic\common\fp\op\FPToFixed.cpp">
      <Filter>Source Files\common\fp\op</Filter>
    </ClCompile>
    <ClCompile Include="dynarmic\frontend\imm.cpp">
      <Filter>Source Files\frontend</Filter>
    </ClCompile>
    <ClCompile Include="dynarmic\frontend\A32\translate\impl\a32_branch.cpp">
      <Filter>Source Files\frontend\A32\translate\impl</Filter>
    </ClCompile>
    <ClCompile Include="dynarmic\frontend\A32\translate\impl\a32_crc32.cpp">
      <Filter>Source Files\frontend\A32\translate\impl</Filter>
    </ClCompile>
    <ClCompile Include="dynarmic\frontend\A32\translate\impl\a32_exception_generating.cpp">
      <Filter>Source Files\frontend\A32\translate\impl</Filter>
    </ClCompile>
    <ClCompile Include="dynarmic\frontend\A32\translate\impl\a32_translate_impl.cpp">
      <Filter>Source Files\frontend\A32\translate\impl</Filter>
    </ClCompile>
    <ClCompile Include="dynarmic\frontend\A32\translate\impl\asimd_load_store_structures.cpp">
      <Filter>Source Files\frontend\A32\translate\impl</Filter>
    </ClCompile>
    <ClCompile Include="dynarmic\frontend\A32\translate\impl\asimd_misc.cpp">
      <Filter>Source Files\frontend\A32\translate\impl</Filter>
    </ClCompile>
    <ClCompile Include="dynarmic\frontend\A32\translate\impl\asimd_one_reg_modified_immediate.cpp">
      <Filter>Source Files\frontend\A32\translate\impl</Filter>
    </ClCompile>
    <ClCompile Include="dynarmic\frontend\A32\translate\impl\asimd_three_regs.cpp">
      <Filter>Source Files\frontend\A32\translate\impl</Filter>
    </ClCompile>
    <ClCompile Include="dynarmic\frontend\A32\translate\impl\asimd_two_regs_misc.cpp">
      <Filter>Source Files\frontend\A32\translate\impl</Filter>
    </ClCompile>
    <ClCompile Include="dynarmic\frontend\A32\translate\impl\asimd_two_regs_scalar.cpp">
      <Filter>Source Files\frontend\A32\translate\impl</Filter>
    </ClCompile>
    <ClCompile Include="dynarmic\frontend\A32\translate\impl\asimd_two_regs_shift.cpp">
      <Filter>Source Files\frontend\A32\translate\impl</Filter>
    </ClCompile>
    <ClCompile Include="dynarmic\frontend\A32\translate\impl\barrier.cpp">
      <Filter>Source Files\frontend\A32\translate\impl</Filter>
    </ClCompile>
    <ClCompile Include="dynarmic\frontend\A32\translate\impl\coprocessor.cpp">
      <Filter>Source Files\frontend\A32\translate\impl</Filter>
    </ClCompile>
    <ClCompile Include="dynarmic\frontend\A32\translate\impl\data_processing.cpp">
      <Filter>Source Files\frontend\A32\translate\impl</Filter>
    </ClCompile>
    <ClCompile Include="dynarmic\frontend\A32\translate\impl\divide.cpp">
      <Filter>Source Files\frontend\A32\translate\impl</Filter>
    </ClCompile>
    <ClCompile Include="dynarmic\frontend\A32\translate\impl\extension.cpp">
      <Filter>Source Files\frontend\A32\translate\impl</Filter>
    </ClCompile>
    <ClCompile Include="dynarmic\frontend\A32\translate\impl\hint.cpp">
      <Filter>Source Files\frontend\A32\translate\impl</Filter>
    </ClCompile>
    <ClCompile Include="dynarmic\frontend\A32\translate\impl\load_store.cpp">
      <Filter>Source Files\frontend\A32\translate\impl</Filter>
    </ClCompile>
    <ClCompile Include="dynarmic\frontend\A32\translate\impl\misc.cpp">
      <Filter>Source Files\frontend\A32\translate\impl</Filter>
    </ClCompile>
    <ClCompile Include="dynarmic\frontend\A32\translate\impl\multiply.cpp">
      <Filter>Source Files\frontend\A32\translate\impl</Filter>
    </ClCompile>
    <ClCompile Include="dynarmic\frontend\A32\translate\impl\packing.cpp">
      <Filter>Source Files\frontend\A32\translate\impl</Filter>
    </ClCompile>
    <ClCompile Include="dynarmic\frontend\A32\translate\impl\parallel.cpp">
      <Filter>Source Files\frontend\A32\translate\impl</Filter>
    </ClCompile>
    <ClCompile Include="dynarmic\frontend\A32\translate\impl\reversal.cpp">
      <Filter>Source Files\frontend\A32\translate\impl</Filter>
    </ClCompile>
    <ClCompile Include="dynarmic\frontend\A32\translate\impl\saturated.cpp">
      <Filter>Source Files\frontend\A32\translate\impl</Filter>
    </ClCompile>
    <ClCompile Include="dynarmic\frontend\A32\translate\impl\status_register_access.cpp">
      <Filter>Source Files\frontend\A32\translate\impl</Filter>
    </ClCompile>
    <ClCompile Include="dynarmic\frontend\A32\translate\impl\synchronization.cpp">
      <Filter>Source Files\frontend\A32\translate\impl</Filter>
    </ClCompile>
    <ClCompile Include="dynarmic\frontend\A32\translate\impl\thumb16.cpp">
      <Filter>Source Files\frontend\A32\translate\impl</Filter>
    </ClCompile>
    <ClCompile Include="dynarmic\frontend\A32\translate\impl\thumb32_branch.cpp">
      <Filter>Source Files\frontend\A32\translate\impl</Filter>
    </ClCompile>
    <ClCompile Include="dynarmic\frontend\A32\translate\impl\thumb32_control.cpp">
      <Filter>Source Files\frontend\A32\translate\impl</Filter>
    </ClCompile>
    <ClCompile Include="dynarmic\frontend\A32\translate\impl\thumb32_coprocessor.cpp">
      <Filter>Source Files\frontend\A32\translate\impl</Filter>
    </ClCompile>
    <ClCompile Include="dynarmic\frontend\A32\translate\impl\thumb32_data_processing_modified_immediate.cpp">
      <Filter>Source Files\frontend\A32\translate\impl</Filter>
    </ClCompile>
    <ClCompile Include="dynarmic\frontend\A32\translate\impl\thumb32_data_processing_plain_binary_immediate.cpp">
      <Filter>Source Files\frontend\A32\translate\impl</Filter>
    </ClCompile>
    <ClCompile Include="dynarmic\frontend\A32\translate\impl\thumb32_data_processing_register.cpp">
      <Filter>Source Files\frontend\A32\translate\impl</Filter>
    </ClCompile>
    <ClCompile Include="dynarmic\frontend\A32\translate\impl\thumb32_data_processing_shifted_register.cpp">
      <Filter>Source Files\frontend\A32\translate\impl</Filter>
    </ClCompile>
    <ClCompile Include="dynarmic\frontend\A32\translate\impl\thumb32_load_byte.cpp">
      <Filter>Source Files\frontend\A32\translate\impl</Filter>
    </ClCompile>
    <ClCompile Include="dynarmic\frontend\A32\translate\impl\thumb32_load_halfword.cpp">
      <Filter>Source Files\frontend\A32\translate\impl</Filter>
    </ClCompile>
    <ClCompile Include="dynarmic\frontend\A32\translate\impl\thumb32_load_store_dual.cpp">
      <Filter>Source Files\frontend\A32\translate\impl</Filter>
    </ClCompile>
    <ClCompile Include="dynarmic\frontend\A32\translate\impl\thumb32_load_store_multiple.cpp">
      <Filter>Source Files\frontend\A32\translate\impl</Filter>
    </ClCompile>
    <ClCompile Include="dynarmic\frontend\A32\translate\impl\thumb32_load_word.cpp">
      <Filter>Source Files\frontend\A32\translate\impl</Filter>
    </ClCompile>
    <ClCompile Include="dynarmic\frontend\A32\translate\impl\thumb32_long_multiply.cpp">
      <Filter>Source Files\frontend\A32\translate\impl</Filter>
    </ClCompile>
    <ClCompile Include="dynarmic\frontend\A32\translate\impl\thumb32_misc.cpp">
      <Filter>Source Files\frontend\A32\translate\impl</Filter>
    </ClCompile>
    <ClCompile Include="dynarmic\frontend\A32\translate\impl\thumb32_multiply.cpp">
      <Filter>Source Files\frontend\A32\translate\impl</Filter>
    </ClCompile>
    <ClCompile Include="dynarmic\frontend\A32\translate\impl\thumb32_parallel.cpp">
      <Filter>Source Files\frontend\A32\translate\impl</Filter>
    </ClCompile>
    <ClCompile Include="dynarmic\frontend\A32\translate\impl\thumb32_store_single_data_item.cpp">
      <Filter>Source Files\frontend\A32\translate\impl</Filter>
    </ClCompile>
    <ClCompile Include="dynarmic\frontend\A32\translate\impl\vfp.cpp">
      <Filter>Source Files\frontend\A32\translate\impl</Filter>
    </ClCompile>
    <ClCompile Include="dynarmic\frontend\A32\translate\a32_translate.cpp">
      <Filter>Source Files\frontend\A32\translate</Filter>
    </ClCompile>
    <ClCompile Include="dynarmic\frontend\A32\translate\conditional_state.cpp">
      <Filter>Source Files\frontend\A32\translate</Filter>
    </ClCompile>
    <ClCompile Include="dynarmic\frontend\A32\translate\translate_arm.cpp">
      <Filter>Source Files\frontend\A32\translate</Filter>
    </ClCompile>
    <ClCompile Include="dynarmic\frontend\A32\translate\translate_thumb.cpp">
      <Filter>Source Files\frontend\A32\translate</Filter>
    </ClCompile>
    <ClCompile Include="dynarmic\frontend\A32\a32_ir_emitter.cpp">
      <Filter>Source Files\frontend\A32</Filter>
    </ClCompile>
    <ClCompile Include="dynarmic\frontend\A32\a32_location_descriptor.cpp">
      <Filter>Source Files\frontend\A32</Filter>
    </ClCompile>
    <ClCompile Include="dynarmic\frontend\A32\a32_types.cpp">
      <Filter>Source Files\frontend\A32</Filter>
    </ClCompile>
    <ClCompile Include="dynarmic\frontend\A64\a64_ir_emitter.cpp">
      <Filter>Source Files\frontend\A64</Filter>
    </ClCompile>
    <ClCompile Include="dynarmic\frontend\A64\a64_location_descriptor.cpp">
      <Filter>Source Files\frontend\A64</Filter>
    </ClCompile>
    <ClCompile Include="dynarmic\frontend\A64\a64_types.cpp">
      <Filter>Source Files\frontend\A64</Filter>
    </ClCompile>
    <ClCompile Include="dynarmic\frontend\A64\translate\a64_translate.cpp">
      <Filter>Source Files\frontend\A64\translate</Filter>
    </ClCompile>
    <ClCompile Include="dynarmic\frontend\A64\translate\impl\a64_branch.cpp">
      <Filter>Source Files\frontend\A64\translate</Filter>
    </ClCompile>
    <ClCompile Include="dynarmic\frontend\A64\translate\impl\a64_exception_generating.cpp">
      <Filter>Source Files\frontend\A64\translate</Filter>
    </ClCompile>
    <ClCompile Include="dynarmic\frontend\A64\translate\impl\data_processing_addsub.cpp">
      <Filter>Source Files\frontend\A64\translate</Filter>
    </ClCompile>
    <ClCompile Include="dynarmic\frontend\A64\translate\impl\data_processing_bitfield.cpp">
      <Filter>Source Files\frontend\A64\translate</Filter>
    </ClCompile>
    <ClCompile Include="dynarmic\frontend\A64\translate\impl\data_processing_conditional_compare.cpp">
      <Filter>Source Files\frontend\A64\translate</Filter>
    </ClCompile>
    <ClCompile Include="dynarmic\frontend\A64\translate\impl\data_processing_conditional_select.cpp">
      <Filter>Source Files\frontend\A64\translate</Filter>
    </ClCompile>
    <ClCompile Include="dynarmic\frontend\A64\translate\impl\data_processing_crc32.cpp">
      <Filter>Source Files\frontend\A64\translate</Filter>
    </ClCompile>
    <ClCompile Include="dynarmic\frontend\A64\translate\impl\data_processing_logical.cpp">
      <Filter>Source Files\frontend\A64\translate</Filter>
    </ClCompile>
    <ClCompile Include="dynarmic\frontend\A64\translate\impl\data_processing_multiply.cpp">
      <Filter>Source Files\frontend\A64\translate</Filter>
    </ClCompile>
    <ClCompile Include="dynarmic\frontend\A64\translate\impl\data_processing_pcrel.cpp">
      <Filter>Source Files\frontend\A64\translate</Filter>
    </ClCompile>
    <ClCompile Include="dynarmic\frontend\A64\translate\impl\data_processing_register.cpp">
      <Filter>Source Files\frontend\A64\translate</Filter>
    </ClCompile>
    <ClCompile Include="dynarmic\frontend\A64\translate\impl\data_processing_shift.cpp">
      <Filter>Source Files\frontend\A64\translate</Filter>
    </ClCompile>
    <ClCompile Include="dynarmic\frontend\A64\translate\impl\floating_point_compare.cpp">
      <Filter>Source Files\frontend\A64\translate</Filter>
    </ClCompile>
    <ClCompile Include="dynarmic\frontend\A64\translate\impl\floating_point_conditional_compare.cpp">
      <Filter>Source Files\frontend\A64\translate</Filter>
    </ClCompile>
    <ClCompile Include="dynarmic\frontend\A64\translate\impl\floating_point_conditional_select.cpp">
      <Filter>Source Files\frontend\A64\translate</Filter>
    </ClCompile>
    <ClCompile Include="dynarmic\frontend\A64\translate\impl\floating_point_conversion_fixed_point.cpp">
      <Filter>Source Files\frontend\A64\translate</Filter>
    </ClCompile>
    <ClCompile Include="dynarmic\frontend\A64\translate\impl\floating_point_conversion_integer.cpp">
      <Filter>Source Files\frontend\A64\translate</Filter>
    </ClCompile>
    <ClCompile Include="dynarmic\frontend\A64\translate\impl\floating_point_data_processing_one_register.cpp">
      <Filter>Source Files\frontend\A64\translate</Filter>
    </ClCompile>
    <ClCompile Include="dynarmic\frontend\A64\translate\impl\floating_point_data_processing_three_register.cpp">
      <Filter>Source Files\frontend\A64\translate</Filter>
    </ClCompile>
    <ClCompile Include="dynarmic\frontend\A64\translate\impl\floating_point_data_processing_two_register.cpp">
      <Filter>Source Files\frontend\A64\translate</Filter>
    </ClCompile>
    <ClCompile Include="dynarmic\frontend\A64\translate\impl\impl.cpp">
      <Filter>Source Files\frontend\A64\translate</Filter>
    </ClCompile>
    <ClCompile Include="dynarmic\frontend\A64\translate\impl\load_store_exclusive.cpp">
      <Filter>Source Files\frontend\A64\translate</Filter>
    </ClCompile>
    <ClCompile Include="dynarmic\frontend\A64\translate\impl\load_store_load_literal.cpp">
      <Filter>Source Files\frontend\A64\translate</Filter>
    </ClCompile>
    <ClCompile Include="dynarmic\frontend\A64\translate\impl\load_store_multiple_structures.cpp">
      <Filter>Source Files\frontend\A64\translate</Filter>
    </ClCompile>
    <ClCompile Include="dynarmic\frontend\A64\translate\impl\load_store_no_allocate_pair.cpp">
      <Filter>Source Files\frontend\A64\translate</Filter>
    </ClCompile>
    <ClCompile Include="dynarmic\frontend\A64\translate\impl\load_store_register_immediate.cpp">
      <Filter>Source Files\frontend\A64\translate</Filter>
    </ClCompile>
    <ClCompile Include="dynarmic\frontend\A64\translate\impl\load_store_register_pair.cpp">
      <Filter>Source Files\frontend\A64\translate</Filter>
    </ClCompile>
    <ClCompile Include="dynarmic\frontend\A64\translate\impl\load_store_register_register_offset.cpp">
      <Filter>Source Files\frontend\A64\translate</Filter>
    </ClCompile>
    <ClCompile Include="dynarmic\frontend\A64\translate\impl\load_store_register_unprivileged.cpp">
      <Filter>Source Files\frontend\A64\translate</Filter>
    </ClCompile>
    <ClCompile Include="dynarmic\frontend\A64\translate\impl\load_store_single_structure.cpp">
      <Filter>Source Files\frontend\A64\translate</Filter>
    </ClCompile>
    <ClCompile Include="dynarmic\frontend\A64\translate\impl\move_wide.cpp">
      <Filter>Source Files\frontend\A64\translate</Filter>
    </ClCompile>
    <ClCompile Include="dynarmic\frontend\A64\translate\impl\simd_across_lanes.cpp">
      <Filter>Source Files\frontend\A64\translate</Filter>
    </ClCompile>
    <ClCompile Include="dynarmic\frontend\A64\translate\impl\simd_aes.cpp">
      <Filter>Source Files\frontend\A64\translate</Filter>
    </ClCompile>
    <ClCompile Include="dynarmic\frontend\A64\translate\impl\simd_copy.cpp">
      <Filter>Source Files\frontend\A64\translate</Filter>
    </ClCompile>
    <ClCompile Include="dynarmic\frontend\A64\translate\impl\simd_crypto_four_register.cpp">
      <Filter>Source Files\frontend\A64\translate</Filter>
    </ClCompile>
    <ClCompile Include="dynarmic\frontend\A64\translate\impl\simd_crypto_three_register.cpp">
      <Filter>Source Files\frontend\A64\translate</Filter>
    </ClCompile>
    <ClCompile Include="dynarmic\frontend\A64\translate\impl\simd_extract.cpp">
      <Filter>Source Files\frontend\A64\translate</Filter>
    </ClCompile>
    <ClCompile Include="dynarmic\frontend\A64\translate\impl\simd_modified_immediate.cpp">
      <Filter>Source Files\frontend\A64\translate</Filter>
    </ClCompile>
    <ClCompile Include="dynarmic\frontend\A64\translate\impl\simd_permute.cpp">
      <Filter>Source Files\frontend\A64\translate</Filter>
    </ClCompile>
    <ClCompile Include="dynarmic\frontend\A64\translate\impl\simd_scalar_pairwise.cpp">
      <Filter>Source Files\frontend\A64\translate</Filter>
    </ClCompile>
    <ClCompile Include="dynarmic\frontend\A64\translate\impl\simd_scalar_shift_by_immediate.cpp">
      <Filter>Source Files\frontend\A64\translate</Filter>
    </ClCompile>
    <ClCompile Include="dynarmic\frontend\A64\translate\impl\simd_scalar_three_same.cpp">
      <Filter>Source Files\frontend\A64\translate</Filter>
    </ClCompile>
    <ClCompile Include="dynarmic\frontend\A64\translate\impl\simd_scalar_two_register_misc.cpp">
      <Filter>Source Files\frontend\A64\translate</Filter>
    </ClCompile>
    <ClCompile Include="dynarmic\frontend\A64\translate\impl\simd_scalar_x_indexed_element.cpp">
      <Filter>Source Files\frontend\A64\translate</Filter>
    </ClCompile>
    <ClCompile Include="dynarmic\frontend\A64\translate\impl\simd_sha.cpp">
      <Filter>Source Files\frontend\A64\translate</Filter>
    </ClCompile>
    <ClCompile Include="dynarmic\frontend\A64\translate\impl\simd_sha512.cpp">
      <Filter>Source Files\frontend\A64\translate</Filter>
    </ClCompile>
    <ClCompile Include="dynarmic\frontend\A64\translate\impl\simd_shift_by_immediate.cpp">
      <Filter>Source Files\frontend\A64\translate</Filter>
    </ClCompile>
    <ClCompile Include="dynarmic\frontend\A64\translate\impl\simd_table_lookup.cpp">
      <Filter>Source Files\frontend\A64\translate</Filter>
    </ClCompile>
    <ClCompile Include="dynarmic\frontend\A64\translate\impl\simd_three_different.cpp">
      <Filter>Source Files\frontend\A64\translate</Filter>
    </ClCompile>
    <ClCompile Include="dynarmic\frontend\A64\translate\impl\simd_three_same.cpp">
      <Filter>Source Files\frontend\A64\translate</Filter>
    </ClCompile>
    <ClCompile Include="dynarmic\frontend\A64\translate\impl\simd_three_same_extra.cpp">
      <Filter>Source Files\frontend\A64\translate</Filter>
    </ClCompile>
    <ClCompile Include="dynarmic\frontend\A64\translate\impl\simd_two_register_misc.cpp">
      <Filter>Source Files\frontend\A64\translate</Filter>
    </ClCompile>
    <ClCompile Include="dynarmic\frontend\A64\translate\impl\simd_vector_x_indexed_element.cpp">
      <Filter>Source Files\frontend\A64\translate</Filter>
    </ClCompile>
    <ClCompile Include="dynarmic\frontend\A64\translate\impl\sys_dc.cpp">
      <Filter>Source Files\frontend\A64\translate</Filter>
    </ClCompile>
    <ClCompile Include="dynarmic\frontend\A64\translate\impl\sys_ic.cpp">
      <Filter>Source Files\frontend\A64\translate</Filter>
    </ClCompile>
    <ClCompile Include="dynarmic\frontend\A64\translate\impl\system.cpp">
      <Filter>Source Files\frontend\A64\translate</Filter>
    </ClCompile>
    <ClCompile Include="dynarmic\frontend\A64\translate\impl\system_flag_format.cpp">
      <Filter>Source Files\frontend\A64\translate</Filter>
    </ClCompile>
    <ClCompile Include="dynarmic\frontend\A64\translate\impl\system_flag_manipulation.cpp">
      <Filter>Source Files\frontend\A64\translate</Filter>
    </ClCompile>
    <ClCompile Include="dynarmic\ir\basic_block.cpp">
      <Filter>ir</Filter>
    </ClCompile>
    <ClCompile Include="dynarmic\ir\ir_emitter.cpp">
      <Filter>ir</Filter>
    </ClCompile>
    <ClCompile Include="dynarmic\ir\location_descriptor.cpp">
      <Filter>ir</Filter>
    </ClCompile>
    <ClCompile Include="dynarmic\ir\microinstruction.cpp">
      <Filter>ir</Filter>
    </ClCompile>
    <ClCompile Include="dynarmic\ir\opcodes.cpp">
      <Filter>ir</Filter>
    </ClCompile>
    <ClCompile Include="dynarmic\ir\type.cpp">
      <Filter>ir</Filter>
    </ClCompile>
    <ClCompile Include="dynarmic\ir\value.cpp">
      <Filter>ir</Filter>
    </ClCompile>
    <ClCompile Include="dynarmic\ir\opt\a32_constant_memory_reads_pass.cpp">
      <Filter>ir\opt</Filter>
    </ClCompile>
    <ClCompile Include="dynarmic\ir\opt\a32_get_set_elimination_pass.cpp">
      <Filter>ir\opt</Filter>
    </ClCompile>
    <ClCompile Include="dynarmic\ir\opt\a64_callback_config_pass.cpp">
      <Filter>ir\opt</Filter>
    </ClCompile>
    <ClCompile Include="dynarmic\ir\opt\a64_get_set_elimination_pass.cpp">
      <Filter>ir\opt</Filter>
    </ClCompile>
    <ClCompile Include="dynarmic\ir\opt\a64_merge_interpret_blocks.cpp">
      <Filter>ir\opt</Filter>
    </ClCompile>
    <ClCompile Include="dynarmic\ir\opt\constant_propagation_pass.cpp">
      <Filter>ir\opt</Filter>
    </ClCompile>
    <ClCompile Include="dynarmic\ir\opt\dead_code_elimination_pass.cpp">
      <Filter>ir\opt</Filter>
    </ClCompile>
    <ClCompile Include="dynarmic\ir\opt\identity_removal_pass.cpp">
      <Filter>ir\opt</Filter>
    </ClCompile>
    <ClCompile Include="dynarmic\ir\opt\naming_pass.cpp">
      <Filter>ir\opt</Filter>
    </ClCompile>
    <ClCompile Include="dynarmic\ir\opt\polyfill_pass.cpp">
      <Filter>ir\opt</Filter>
    </ClCompile>
    <ClCompile Include="dynarmic\ir\opt\verification_pass.cpp">
      <Filter>ir\opt</Filter>
    </ClCompile>
    <ClCompile Include="exclusive_monitor_interface.cpp">
      <Filter>Source Files</Filter>
    </ClCompile>
    <ClCompile Include="arm_dynarmic.cpp">
      <Filter>Source Files</Filter>
    </ClCompile>
    <ClCompile Include="cpu_manager.cpp">
      <Filter>Source Files</Filter>
    </ClCompile>
    <ClCompile Include="arm_dynarmic_32.cpp">
      <Filter>Source Files</Filter>
    </ClCompile>
    <ClCompile Include="dynarmic_cp15.cpp">
      <Filter>Source Files</Filter>
    </ClCompile>
  </ItemGroup>
  <ItemGroup>
    <None Include="frontend\A32\decoder\arm.inc">
      <Filter>Header Files\frontend\A32\decoder</Filter>
    </None>
    <None Include="frontend\A32\decoder\asimd.inc">
      <Filter>Header Files\frontend\A32\decoder</Filter>
    </None>
    <None Include="frontend\A32\decoder\thumb16.inc">
      <Filter>Header Files\frontend\A32\decoder</Filter>
    </None>
    <None Include="frontend\A32\decoder\thumb32.inc">
      <Filter>Header Files\frontend\A32\decoder</Filter>
    </None>
    <None Include="frontend\A32\decoder\vfp.inc">
      <Filter>Header Files\frontend\A32\decoder</Filter>
    </None>
    <None Include="frontend\A64\decoder\a64.inc">
      <Filter>Header Files\frontend\A64\decoder</Filter>
    </None>
    <None Include="dynarmic\backend\x64\emit_x64_memory.cpp.inc">
      <Filter>Source Files\dynarmic\backend\x64</Filter>
    </None>
  </ItemGroup>
</Project>